// !$*UTF8*$!
{
	archiveVersion = 1;
	classes = {
	};
	objectVersion = 46;
	objects = {

/* Begin PBXBuildFile section */
		0100639820F4ED94009FEE6C /* MapViewVC.m in Sources */ = {isa = PBXBuildFile; fileRef = 0100639720F4ED94009FEE6C /* MapViewVC.m */; };
		0115E34B20EBAE5500A86D87 /* MultiLocationVC.m in Sources */ = {isa = PBXBuildFile; fileRef = 0115E34A20EBAE5500A86D87 /* MultiLocationVC.m */; };
		0115E34E20EBC4CF00A86D87 /* DesideViewController.m in Sources */ = {isa = PBXBuildFile; fileRef = 0115E34D20EBC4CF00A86D87 /* DesideViewController.m */; };
		011B778020DBFFD400C3C65E /* DeliveryAddress.m in Sources */ = {isa = PBXBuildFile; fileRef = 011B777F20DBFFD400C3C65E /* DeliveryAddress.m */; };
		012459E120E0CE1B00645535 /* ForgotPassword.m in Sources */ = {isa = PBXBuildFile; fileRef = 012459E020E0CE1B00645535 /* ForgotPassword.m */; };
		012459E420E0CE3100645535 /* EditProfile.m in Sources */ = {isa = PBXBuildFile; fileRef = 012459E320E0CE3100645535 /* EditProfile.m */; };
		012459E720E0CE4D00645535 /* ChangePassword.m in Sources */ = {isa = PBXBuildFile; fileRef = 012459E620E0CE4D00645535 /* ChangePassword.m */; };
		012459EA20E0EF6300645535 /* SideMenu.m in Sources */ = {isa = PBXBuildFile; fileRef = 012459E920E0EF6300645535 /* SideMenu.m */; };
		0139493520DA287D00D0A32A /* Lora-Bold.ttf in Resources */ = {isa = PBXBuildFile; fileRef = 0139493320DA287D00D0A32A /* Lora-Bold.ttf */; };
		0139493620DA287D00D0A32A /* Lora-Regular.ttf in Resources */ = {isa = PBXBuildFile; fileRef = 0139493420DA287D00D0A32A /* Lora-Regular.ttf */; };
		013C0C6320D2764B004CB653 /* TextFieldEdit.m in Sources */ = {isa = PBXBuildFile; fileRef = 013C0C6220D2764B004CB653 /* TextFieldEdit.m */; };
		0156B81420ECA7ED00D79DE1 /* LocationsList.m in Sources */ = {isa = PBXBuildFile; fileRef = 0156B81320ECA7ED00D79DE1 /* LocationsList.m */; };
		015F67A020D8E4FC001D9F7F /* Menu.m in Sources */ = {isa = PBXBuildFile; fileRef = 015F679F20D8E4FC001D9F7F /* Menu.m */; };
		015F67A420D906FD001D9F7F /* Item.m in Sources */ = {isa = PBXBuildFile; fileRef = 015F67A320D906FD001D9F7F /* Item.m */; };
		016469EF20F49922001109C3 /* libBraintree.a in Frameworks */ = {isa = PBXBuildFile; fileRef = 016469EE20F49922001109C3 /* libBraintree.a */; };
		0175E7EF20DBC4440081A306 /* address.json in Resources */ = {isa = PBXBuildFile; fileRef = 0175E7EC20DBBD7C0081A306 /* address.json */; };
		0175E7F220DBE1370081A306 /* GoogleSearchView.m in Sources */ = {isa = PBXBuildFile; fileRef = 0175E7F120DBE1370081A306 /* GoogleSearchView.m */; };
		01BA29B220EF3F83005C6D9E /* OrderOnlineMainVC.m in Sources */ = {isa = PBXBuildFile; fileRef = 01BA29B120EF3F83005C6D9E /* OrderOnlineMainVC.m */; };
		01BA29B520EF89D5005C6D9E /* RestuarentListVC.m in Sources */ = {isa = PBXBuildFile; fileRef = 01BA29B420EF89D5005C6D9E /* RestuarentListVC.m */; };
		01BA29B820EFA3D5005C6D9E /* CardcellForRes.m in Sources */ = {isa = PBXBuildFile; fileRef = 01BA29B720EFA3D5005C6D9E /* CardcellForRes.m */; };
		01BA29BB20EFA502005C6D9E /* ListOfRestuarents.m in Sources */ = {isa = PBXBuildFile; fileRef = 01BA29BA20EFA502005C6D9E /* ListOfRestuarents.m */; };
		01D3A71720F4971C00A2B015 /* libPayPalMobile.a in Frameworks */ = {isa = PBXBuildFile; fileRef = 01D3A70F20F4971C00A2B015 /* libPayPalMobile.a */; };
		01E6F9DF20E240180080E414 /* recapcha.html in Resources */ = {isa = PBXBuildFile; fileRef = 01E6F9DE20E240180080E414 /* recapcha.html */; };
		01ED08E720E38E57005E93CD /* PassKit.framework in Frameworks */ = {isa = PBXBuildFile; fileRef = 01ED08E620E38E57005E93CD /* PassKit.framework */; };
		953FC6BA7A2F207F22C7EA27 /* libPods-CLOrder.a in Frameworks */ = {isa = PBXBuildFile; fileRef = F57265C839B3CCBAED3E5E65 /* libPods-CLOrder.a */; };
		9F0B15391D6C36ED003D4BBE /* UIKit.framework in Frameworks */ = {isa = PBXBuildFile; fileRef = 9F0B152F1D6C36ED003D4BBE /* UIKit.framework */; };
		9F20C4A51D07EE7500775381 /* Loader.m in Sources */ = {isa = PBXBuildFile; fileRef = 9F20C4A41D07EE7500775381 /* Loader.m */; };
		9F2264E81D1914E200C57BF4 /* LoginVC.m in Sources */ = {isa = PBXBuildFile; fileRef = 9F2264E71D1914E200C57BF4 /* LoginVC.m */; };
		9F2264EB1D1967F100C57BF4 /* AddCardVC.m in Sources */ = {isa = PBXBuildFile; fileRef = 9F2264EA1D1967F100C57BF4 /* AddCardVC.m */; };
		9F22957E1CFD5B6C0037A1E5 /* AccountUpdateVC.m in Sources */ = {isa = PBXBuildFile; fileRef = 9F22957D1CFD5B6C0037A1E5 /* AccountUpdateVC.m */; };
		9F2295811CFDD3750037A1E5 /* PaymentDetails.m in Sources */ = {isa = PBXBuildFile; fileRef = 9F2295801CFDD3750037A1E5 /* PaymentDetails.m */; };
		9F25D6F61D093DC100DDE135 /* Reachability.m in Sources */ = {isa = PBXBuildFile; fileRef = 9F25D6F31D093DC100DDE135 /* Reachability.m */; };
		9F25D6FA1D098B5000DDE135 /* MapKit.framework in Frameworks */ = {isa = PBXBuildFile; fileRef = 9F25D6F91D098B5000DDE135 /* MapKit.framework */; };
		9F36CE8C1D1267CC003B4874 /* APIRequest.m in Sources */ = {isa = PBXBuildFile; fileRef = 9F36CE8B1D1267CC003B4874 /* APIRequest.m */; };
		9F36CE8F1D126825003B4874 /* APIRequester.m in Sources */ = {isa = PBXBuildFile; fileRef = 9F36CE8E1D126825003B4874 /* APIRequester.m */; };
		9F3C78751D06A58C004205D8 /* OrderConfirmationV.m in Sources */ = {isa = PBXBuildFile; fileRef = 9F3C78741D06A58C004205D8 /* OrderConfirmationV.m */; };
		9F3FDBEC1DC09F1A003F5AA5 /* CardIO.m in Sources */ = {isa = PBXBuildFile; fileRef = 9F3FDBE11DC09F1A003F5AA5 /* CardIO.m */; };
		9F3FDBED1DC09F1A003F5AA5 /* libCardIO.a in Frameworks */ = {isa = PBXBuildFile; fileRef = 9F3FDBE91DC09F1A003F5AA5 /* libCardIO.a */; };
		9F3FDBEE1DC09F1A003F5AA5 /* libopencv_core.a in Frameworks */ = {isa = PBXBuildFile; fileRef = 9F3FDBEA1DC09F1A003F5AA5 /* libopencv_core.a */; };
		9F3FDBEF1DC09F1A003F5AA5 /* libopencv_imgproc.a in Frameworks */ = {isa = PBXBuildFile; fileRef = 9F3FDBEB1DC09F1A003F5AA5 /* libopencv_imgproc.a */; };
		9F3FDBF11DC0A000003F5AA5 /* Accelerate.framework in Frameworks */ = {isa = PBXBuildFile; fileRef = 9F3FDBF01DC0A000003F5AA5 /* Accelerate.framework */; };
		9F3FDBF31DC0A00E003F5AA5 /* AudioToolbox.framework in Frameworks */ = {isa = PBXBuildFile; fileRef = 9F3FDBF21DC0A00E003F5AA5 /* AudioToolbox.framework */; };
		9F3FDBF51DC0A018003F5AA5 /* AVFoundation.framework in Frameworks */ = {isa = PBXBuildFile; fileRef = 9F3FDBF41DC0A018003F5AA5 /* AVFoundation.framework */; };
		9F3FDBF71DC0A030003F5AA5 /* CoreMedia.framework in Frameworks */ = {isa = PBXBuildFile; fileRef = 9F3FDBF61DC0A030003F5AA5 /* CoreMedia.framework */; };
		9F3FDBF91DC0A045003F5AA5 /* MessageUI.framework in Frameworks */ = {isa = PBXBuildFile; fileRef = 9F3FDBF81DC0A045003F5AA5 /* MessageUI.framework */; };
		9F3FDBFB1DC0A054003F5AA5 /* MobileCoreServices.framework in Frameworks */ = {isa = PBXBuildFile; fileRef = 9F3FDBFA1DC0A054003F5AA5 /* MobileCoreServices.framework */; };
		9F3FDBFD1DC0A070003F5AA5 /* SafariServices.framework in Frameworks */ = {isa = PBXBuildFile; fileRef = 9F3FDBFC1DC0A070003F5AA5 /* SafariServices.framework */; };
		9F495DF51D54735300793492 /* load-1 (dragged).tiff in Resources */ = {isa = PBXBuildFile; fileRef = 9F495DD71D54735300793492 /* load-1 (dragged).tiff */; };
		9F495DF61D54735300793492 /* load-2 (dragged).tiff in Resources */ = {isa = PBXBuildFile; fileRef = 9F495DD81D54735300793492 /* load-2 (dragged).tiff */; };
		9F495DF71D54735300793492 /* load-3 (dragged).tiff in Resources */ = {isa = PBXBuildFile; fileRef = 9F495DD91D54735300793492 /* load-3 (dragged).tiff */; };
		9F495DF81D54735300793492 /* load-4 (dragged).tiff in Resources */ = {isa = PBXBuildFile; fileRef = 9F495DDA1D54735300793492 /* load-4 (dragged).tiff */; };
		9F495DF91D54735300793492 /* load-5 (dragged).tiff in Resources */ = {isa = PBXBuildFile; fileRef = 9F495DDB1D54735300793492 /* load-5 (dragged).tiff */; };
		9F495DFA1D54735300793492 /* load-6 (dragged).tiff in Resources */ = {isa = PBXBuildFile; fileRef = 9F495DDC1D54735300793492 /* load-6 (dragged).tiff */; };
		9F495DFB1D54735300793492 /* load-7 (dragged).tiff in Resources */ = {isa = PBXBuildFile; fileRef = 9F495DDD1D54735300793492 /* load-7 (dragged).tiff */; };
		9F495DFC1D54735300793492 /* load-8 (dragged).tiff in Resources */ = {isa = PBXBuildFile; fileRef = 9F495DDE1D54735300793492 /* load-8 (dragged).tiff */; };
		9F495DFD1D54735300793492 /* load-9 (dragged).tiff in Resources */ = {isa = PBXBuildFile; fileRef = 9F495DDF1D54735300793492 /* load-9 (dragged).tiff */; };
		9F495DFE1D54735300793492 /* load-10 (dragged).tiff in Resources */ = {isa = PBXBuildFile; fileRef = 9F495DE01D54735300793492 /* load-10 (dragged).tiff */; };
		9F495DFF1D54735300793492 /* load-11 (dragged).tiff in Resources */ = {isa = PBXBuildFile; fileRef = 9F495DE11D54735300793492 /* load-11 (dragged).tiff */; };
		9F495E001D54735300793492 /* load-12 (dragged).tiff in Resources */ = {isa = PBXBuildFile; fileRef = 9F495DE21D54735300793492 /* load-12 (dragged).tiff */; };
		9F495E011D54735300793492 /* load-13 (dragged).tiff in Resources */ = {isa = PBXBuildFile; fileRef = 9F495DE31D54735300793492 /* load-13 (dragged).tiff */; };
		9F495E021D54735300793492 /* load-14 (dragged).tiff in Resources */ = {isa = PBXBuildFile; fileRef = 9F495DE41D54735300793492 /* load-14 (dragged).tiff */; };
		9F495E031D54735300793492 /* load-15 (dragged).tiff in Resources */ = {isa = PBXBuildFile; fileRef = 9F495DE51D54735300793492 /* load-15 (dragged).tiff */; };
		9F495E041D54735300793492 /* load-16 (dragged).tiff in Resources */ = {isa = PBXBuildFile; fileRef = 9F495DE61D54735300793492 /* load-16 (dragged).tiff */; };
		9F495E051D54735300793492 /* load-17 (dragged).tiff in Resources */ = {isa = PBXBuildFile; fileRef = 9F495DE71D54735300793492 /* load-17 (dragged).tiff */; };
		9F495E061D54735300793492 /* load-18 (dragged).tiff in Resources */ = {isa = PBXBuildFile; fileRef = 9F495DE81D54735300793492 /* load-18 (dragged).tiff */; };
		9F495E071D54735300793492 /* load-19 (dragged).tiff in Resources */ = {isa = PBXBuildFile; fileRef = 9F495DE91D54735300793492 /* load-19 (dragged).tiff */; };
		9F495E081D54735300793492 /* load-20 (dragged).tiff in Resources */ = {isa = PBXBuildFile; fileRef = 9F495DEA1D54735300793492 /* load-20 (dragged).tiff */; };
		9F495E091D54735300793492 /* load-21 (dragged).tiff in Resources */ = {isa = PBXBuildFile; fileRef = 9F495DEB1D54735300793492 /* load-21 (dragged).tiff */; };
		9F495E0A1D54735300793492 /* load-22 (dragged).tiff in Resources */ = {isa = PBXBuildFile; fileRef = 9F495DEC1D54735300793492 /* load-22 (dragged).tiff */; };
		9F495E0B1D54735300793492 /* load-23 (dragged).tiff in Resources */ = {isa = PBXBuildFile; fileRef = 9F495DED1D54735300793492 /* load-23 (dragged).tiff */; };
		9F495E0C1D54735300793492 /* load-24 (dragged).tiff in Resources */ = {isa = PBXBuildFile; fileRef = 9F495DEE1D54735300793492 /* load-24 (dragged).tiff */; };
		9F495E0D1D54735300793492 /* load-25 (dragged).tiff in Resources */ = {isa = PBXBuildFile; fileRef = 9F495DEF1D54735300793492 /* load-25 (dragged).tiff */; };
		9F495E0E1D54735300793492 /* load-26 (dragged).tiff in Resources */ = {isa = PBXBuildFile; fileRef = 9F495DF01D54735300793492 /* load-26 (dragged).tiff */; };
		9F495E0F1D54735300793492 /* load-27 (dragged).tiff in Resources */ = {isa = PBXBuildFile; fileRef = 9F495DF11D54735300793492 /* load-27 (dragged).tiff */; };
		9F495E101D54735300793492 /* load-28 (dragged).tiff in Resources */ = {isa = PBXBuildFile; fileRef = 9F495DF21D54735300793492 /* load-28 (dragged).tiff */; };
		9F495E111D54735300793492 /* load-29 (dragged).tiff in Resources */ = {isa = PBXBuildFile; fileRef = 9F495DF31D54735300793492 /* load-29 (dragged).tiff */; };
		9F495E121D54735300793492 /* load-30 (dragged).tiff in Resources */ = {isa = PBXBuildFile; fileRef = 9F495DF41D54735300793492 /* load-30 (dragged).tiff */; };
		9F495E721DA3807200D515B3 /* CoreData.framework in Frameworks */ = {isa = PBXBuildFile; fileRef = 9F495E711DA3807200D515B3 /* CoreData.framework */; };
		9F495E741DA3807D00D515B3 /* SystemConfiguration.framework in Frameworks */ = {isa = PBXBuildFile; fileRef = 9F495E731DA3807D00D515B3 /* SystemConfiguration.framework */; };
		9F495E761DA3821D00D515B3 /* AddressBook.framework in Frameworks */ = {isa = PBXBuildFile; fileRef = 9F495E751DA3821D00D515B3 /* AddressBook.framework */; };
		9F495E781DA3823200D515B3 /* AssetsLibrary.framework in Frameworks */ = {isa = PBXBuildFile; fileRef = 9F495E771DA3823200D515B3 /* AssetsLibrary.framework */; };
		9F495E7A1DA3824A00D515B3 /* Foundation.framework in Frameworks */ = {isa = PBXBuildFile; fileRef = 9F495E791DA3824A00D515B3 /* Foundation.framework */; };
		9F495E7C1DA3826500D515B3 /* Security.framework in Frameworks */ = {isa = PBXBuildFile; fileRef = 9F495E7B1DA3826500D515B3 /* Security.framework */; };
		9F495EBC1DA38EEE00D515B3 /* Bolts.framework in Frameworks */ = {isa = PBXBuildFile; fileRef = 9F495EAE1DA38EEE00D515B3 /* Bolts.framework */; };
		9F495EBD1DA38EEE00D515B3 /* FBSDKCoreKit.framework in Frameworks */ = {isa = PBXBuildFile; fileRef = 9F495EAF1DA38EEE00D515B3 /* FBSDKCoreKit.framework */; };
		9F495EBE1DA38EEE00D515B3 /* FBSDKLoginKit.framework in Frameworks */ = {isa = PBXBuildFile; fileRef = 9F495EB01DA38EEE00D515B3 /* FBSDKLoginKit.framework */; };
		9F495EBF1DA38EEE00D515B3 /* FBSDKShareKit.framework in Frameworks */ = {isa = PBXBuildFile; fileRef = 9F495EB11DA38EEE00D515B3 /* FBSDKShareKit.framework */; };
		9F495EC01DA38EEE00D515B3 /* GoogleAppUtilities.framework in Frameworks */ = {isa = PBXBuildFile; fileRef = 9F495EB21DA38EEE00D515B3 /* GoogleAppUtilities.framework */; };
		9F495EC11DA38EEE00D515B3 /* GoogleAuthUtilities.framework in Frameworks */ = {isa = PBXBuildFile; fileRef = 9F495EB31DA38EEE00D515B3 /* GoogleAuthUtilities.framework */; };
		9F495EC21DA38EEE00D515B3 /* GoogleNetworkingUtilities.framework in Frameworks */ = {isa = PBXBuildFile; fileRef = 9F495EB41DA38EEE00D515B3 /* GoogleNetworkingUtilities.framework */; };
		9F495EC31DA38EEE00D515B3 /* GoogleOpenSource.framework in Frameworks */ = {isa = PBXBuildFile; fileRef = 9F495EB51DA38EEE00D515B3 /* GoogleOpenSource.framework */; };
		9F495EC61DA38EEE00D515B3 /* GoogleSignIn.bundle in Resources */ = {isa = PBXBuildFile; fileRef = 9F495EB81DA38EEE00D515B3 /* GoogleSignIn.bundle */; };
		9F495EC71DA38EEE00D515B3 /* GoogleSignIn.framework in Frameworks */ = {isa = PBXBuildFile; fileRef = 9F495EB91DA38EEE00D515B3 /* GoogleSignIn.framework */; };
		9F495EC81DA38EEE00D515B3 /* GoogleSymbolUtilities.framework in Frameworks */ = {isa = PBXBuildFile; fileRef = 9F495EBA1DA38EEE00D515B3 /* GoogleSymbolUtilities.framework */; };
		9F4CB1EA1CBCD87800A10531 /* main.m in Sources */ = {isa = PBXBuildFile; fileRef = 9F4CB1E91CBCD87800A10531 /* main.m */; };
		9F4CB1ED1CBCD87800A10531 /* AppDelegate.m in Sources */ = {isa = PBXBuildFile; fileRef = 9F4CB1EC1CBCD87800A10531 /* AppDelegate.m */; };
		9F4CB1F31CBCD87800A10531 /* Main.storyboard in Resources */ = {isa = PBXBuildFile; fileRef = 9F4CB1F11CBCD87800A10531 /* Main.storyboard */; };
		9F4CB1F81CBCD87800A10531 /* LaunchScreen.storyboard in Resources */ = {isa = PBXBuildFile; fileRef = 9F4CB1F61CBCD87800A10531 /* LaunchScreen.storyboard */; };
		9F4CB21E1CBCFE9000A10531 /* AllDayMenuVC.m in Sources */ = {isa = PBXBuildFile; fileRef = 9F4CB21D1CBCFE9000A10531 /* AllDayMenuVC.m */; };
		9F4CB2211CBD1F4800A10531 /* ItemVC.m in Sources */ = {isa = PBXBuildFile; fileRef = 9F4CB2201CBD1F4800A10531 /* ItemVC.m */; };
		9F4CB2241CBD304200A10531 /* AddItem.m in Sources */ = {isa = PBXBuildFile; fileRef = 9F4CB2231CBD304200A10531 /* AddItem.m */; };
		9F4CB2271CBD306B00A10531 /* ExplorePlaces.m in Sources */ = {isa = PBXBuildFile; fileRef = 9F4CB2261CBD306B00A10531 /* ExplorePlaces.m */; };
		9F4CB22A1CBD3E9200A10531 /* CheckOut.m in Sources */ = {isa = PBXBuildFile; fileRef = 9F4CB2291CBD3E9200A10531 /* CheckOut.m */; };
		9F5080901D2130D90028B9FD /* DeliveryVC.m in Sources */ = {isa = PBXBuildFile; fileRef = 9F50808F1D2130D90028B9FD /* DeliveryVC.m */; };
		9F54CB7E1D0FD8BC00C28351 /* SignUpView.m in Sources */ = {isa = PBXBuildFile; fileRef = 9F54CB7D1D0FD8BC00C28351 /* SignUpView.m */; };
		9F573A1D1D33B958007BF1F5 /* CartObj.m in Sources */ = {isa = PBXBuildFile; fileRef = 9F573A1C1D33B958007BF1F5 /* CartObj.m */; };
		9F74D3FE1D63434700CA4517 /* OrderHistoryVC.m in Sources */ = {isa = PBXBuildFile; fileRef = 9F74D3FD1D63434700CA4517 /* OrderHistoryVC.m */; };
		9F9CDE231DED6FD200FA63A8 /* ScheduleView.m in Sources */ = {isa = PBXBuildFile; fileRef = 9F9CDE221DED6FD200FA63A8 /* ScheduleView.m */; };
		9FA69E9B1CFC506100EE9912 /* SelectedRestroVC.m in Sources */ = {isa = PBXBuildFile; fileRef = 9FA69E9A1CFC506100EE9912 /* SelectedRestroVC.m */; };
		9FA69E9E1CFC71A100EE9912 /* PayDetailStp1.m in Sources */ = {isa = PBXBuildFile; fileRef = 9FA69E9D1CFC71A100EE9912 /* PayDetailStp1.m */; };
		9FCE88A31D9A89610017F7EC /* Luhn.m in Sources */ = {isa = PBXBuildFile; fileRef = 9FCE88A21D9A89610017F7EC /* Luhn.m */; };
		9FD4CBDC1E1237D5009E5251 /* Schedular.m in Sources */ = {isa = PBXBuildFile; fileRef = 9FD4CBDB1E1237D5009E5251 /* Schedular.m */; };
		9FDC30D81D743F15007E2E0F /* HistoryOrderDtlV.m in Sources */ = {isa = PBXBuildFile; fileRef = 9FDC30D71D743F15007E2E0F /* HistoryOrderDtlV.m */; };
		9FF7E6921D2E4807003CC992 /* ViewCouponVC.m in Sources */ = {isa = PBXBuildFile; fileRef = 9FF7E6911D2E4807003CC992 /* ViewCouponVC.m */; };
		9FF8F02B1DF2AAF4002E6A0B /* Assets.xcassets in Resources */ = {isa = PBXBuildFile; fileRef = 9FF8F02A1DF2AAF4002E6A0B /* Assets.xcassets */; };
		9FFBD2391D055EA1000F961A /* LocationContact.m in Sources */ = {isa = PBXBuildFile; fileRef = 9FFBD2381D055EA1000F961A /* LocationContact.m */; };
		9FFBD23B1D055FFC000F961A /* CoreLocation.framework in Frameworks */ = {isa = PBXBuildFile; fileRef = 9FFBD23A1D055FFC000F961A /* CoreLocation.framework */; };
		9FFC63B61DDD8CC10061FD6B /* GoogleService-Info.plist in Resources */ = {isa = PBXBuildFile; fileRef = 9FFC63B51DDD8CC10061FD6B /* GoogleService-Info.plist */; };
/* End PBXBuildFile section */

/* Begin PBXFileReference section */
		0100639620F4ED94009FEE6C /* MapViewVC.h */ = {isa = PBXFileReference; lastKnownFileType = sourcecode.c.h; path = MapViewVC.h; sourceTree = "<group>"; };
		0100639720F4ED94009FEE6C /* MapViewVC.m */ = {isa = PBXFileReference; lastKnownFileType = sourcecode.c.objc; path = MapViewVC.m; sourceTree = "<group>"; };
		0115E34920EBAE5500A86D87 /* MultiLocationVC.h */ = {isa = PBXFileReference; lastKnownFileType = sourcecode.c.h; path = MultiLocationVC.h; sourceTree = "<group>"; };
		0115E34A20EBAE5500A86D87 /* MultiLocationVC.m */ = {isa = PBXFileReference; lastKnownFileType = sourcecode.c.objc; path = MultiLocationVC.m; sourceTree = "<group>"; };
		0115E34C20EBC4CF00A86D87 /* DesideViewController.h */ = {isa = PBXFileReference; lastKnownFileType = sourcecode.c.h; path = DesideViewController.h; sourceTree = "<group>"; };
		0115E34D20EBC4CF00A86D87 /* DesideViewController.m */ = {isa = PBXFileReference; lastKnownFileType = sourcecode.c.objc; path = DesideViewController.m; sourceTree = "<group>"; };
		011B777E20DBFFD400C3C65E /* DeliveryAddress.h */ = {isa = PBXFileReference; lastKnownFileType = sourcecode.c.h; path = DeliveryAddress.h; sourceTree = "<group>"; };
		011B777F20DBFFD400C3C65E /* DeliveryAddress.m */ = {isa = PBXFileReference; lastKnownFileType = sourcecode.c.objc; path = DeliveryAddress.m; sourceTree = "<group>"; };
		012459DF20E0CE1B00645535 /* ForgotPassword.h */ = {isa = PBXFileReference; lastKnownFileType = sourcecode.c.h; path = ForgotPassword.h; sourceTree = "<group>"; };
		012459E020E0CE1B00645535 /* ForgotPassword.m */ = {isa = PBXFileReference; lastKnownFileType = sourcecode.c.objc; path = ForgotPassword.m; sourceTree = "<group>"; };
		012459E220E0CE3100645535 /* EditProfile.h */ = {isa = PBXFileReference; lastKnownFileType = sourcecode.c.h; path = EditProfile.h; sourceTree = "<group>"; };
		012459E320E0CE3100645535 /* EditProfile.m */ = {isa = PBXFileReference; lastKnownFileType = sourcecode.c.objc; path = EditProfile.m; sourceTree = "<group>"; };
		012459E520E0CE4D00645535 /* ChangePassword.h */ = {isa = PBXFileReference; lastKnownFileType = sourcecode.c.h; path = ChangePassword.h; sourceTree = "<group>"; };
		012459E620E0CE4D00645535 /* ChangePassword.m */ = {isa = PBXFileReference; lastKnownFileType = sourcecode.c.objc; path = ChangePassword.m; sourceTree = "<group>"; };
		012459E820E0EF6300645535 /* SideMenu.h */ = {isa = PBXFileReference; lastKnownFileType = sourcecode.c.h; path = SideMenu.h; sourceTree = "<group>"; };
		012459E920E0EF6300645535 /* SideMenu.m */ = {isa = PBXFileReference; lastKnownFileType = sourcecode.c.objc; path = SideMenu.m; sourceTree = "<group>"; };
		0139493320DA287D00D0A32A /* Lora-Bold.ttf */ = {isa = PBXFileReference; lastKnownFileType = file; name = "Lora-Bold.ttf"; path = "../../../Downloads/Lora-Bold.ttf"; sourceTree = "<group>"; };
		0139493420DA287D00D0A32A /* Lora-Regular.ttf */ = {isa = PBXFileReference; lastKnownFileType = file; name = "Lora-Regular.ttf"; path = "../../../Downloads/Lora-Regular.ttf"; sourceTree = "<group>"; };
		013C0C6120D2764B004CB653 /* TextFieldEdit.h */ = {isa = PBXFileReference; lastKnownFileType = sourcecode.c.h; path = TextFieldEdit.h; sourceTree = "<group>"; };
		013C0C6220D2764B004CB653 /* TextFieldEdit.m */ = {isa = PBXFileReference; lastKnownFileType = sourcecode.c.objc; path = TextFieldEdit.m; sourceTree = "<group>"; };
		0156B81220ECA7ED00D79DE1 /* LocationsList.h */ = {isa = PBXFileReference; lastKnownFileType = sourcecode.c.h; path = LocationsList.h; sourceTree = "<group>"; };
		0156B81320ECA7ED00D79DE1 /* LocationsList.m */ = {isa = PBXFileReference; lastKnownFileType = sourcecode.c.objc; path = LocationsList.m; sourceTree = "<group>"; };
		015F679E20D8E4FC001D9F7F /* Menu.h */ = {isa = PBXFileReference; lastKnownFileType = sourcecode.c.h; path = Menu.h; sourceTree = "<group>"; };
		015F679F20D8E4FC001D9F7F /* Menu.m */ = {isa = PBXFileReference; lastKnownFileType = sourcecode.c.objc; path = Menu.m; sourceTree = "<group>"; };
		015F67A220D906FD001D9F7F /* Item.h */ = {isa = PBXFileReference; lastKnownFileType = sourcecode.c.h; path = Item.h; sourceTree = "<group>"; };
		015F67A320D906FD001D9F7F /* Item.m */ = {isa = PBXFileReference; lastKnownFileType = sourcecode.c.objc; path = Item.m; sourceTree = "<group>"; };
		016469EE20F49922001109C3 /* libBraintree.a */ = {isa = PBXFileReference; explicitFileType = archive.ar; path = libBraintree.a; sourceTree = BUILT_PRODUCTS_DIR; };
		0175E7EC20DBBD7C0081A306 /* address.json */ = {isa = PBXFileReference; lastKnownFileType = text.json; path = address.json; sourceTree = "<group>"; };
		0175E7F020DBE1370081A306 /* GoogleSearchView.h */ = {isa = PBXFileReference; lastKnownFileType = sourcecode.c.h; path = GoogleSearchView.h; sourceTree = "<group>"; };
		0175E7F120DBE1370081A306 /* GoogleSearchView.m */ = {isa = PBXFileReference; lastKnownFileType = sourcecode.c.objc; path = GoogleSearchView.m; sourceTree = "<group>"; };
		01BA29B020EF3F83005C6D9E /* OrderOnlineMainVC.h */ = {isa = PBXFileReference; lastKnownFileType = sourcecode.c.h; path = OrderOnlineMainVC.h; sourceTree = "<group>"; };
		01BA29B120EF3F83005C6D9E /* OrderOnlineMainVC.m */ = {isa = PBXFileReference; lastKnownFileType = sourcecode.c.objc; path = OrderOnlineMainVC.m; sourceTree = "<group>"; };
		01BA29B320EF89D5005C6D9E /* RestuarentListVC.h */ = {isa = PBXFileReference; lastKnownFileType = sourcecode.c.h; path = RestuarentListVC.h; sourceTree = "<group>"; };
		01BA29B420EF89D5005C6D9E /* RestuarentListVC.m */ = {isa = PBXFileReference; lastKnownFileType = sourcecode.c.objc; path = RestuarentListVC.m; sourceTree = "<group>"; };
		01BA29B620EFA3D5005C6D9E /* CardcellForRes.h */ = {isa = PBXFileReference; lastKnownFileType = sourcecode.c.h; path = CardcellForRes.h; sourceTree = "<group>"; };
		01BA29B720EFA3D5005C6D9E /* CardcellForRes.m */ = {isa = PBXFileReference; lastKnownFileType = sourcecode.c.objc; path = CardcellForRes.m; sourceTree = "<group>"; };
		01BA29B920EFA502005C6D9E /* ListOfRestuarents.h */ = {isa = PBXFileReference; lastKnownFileType = sourcecode.c.h; path = ListOfRestuarents.h; sourceTree = "<group>"; };
		01BA29BA20EFA502005C6D9E /* ListOfRestuarents.m */ = {isa = PBXFileReference; lastKnownFileType = sourcecode.c.objc; path = ListOfRestuarents.m; sourceTree = "<group>"; };
		01C1D59120E220F900E3E4CC /* CLOrder.entitlements */ = {isa = PBXFileReference; lastKnownFileType = text.plist.entitlements; path = CLOrder.entitlements; sourceTree = "<group>"; };
		01D3A70F20F4971C00A2B015 /* libPayPalMobile.a */ = {isa = PBXFileReference; lastKnownFileType = archive.ar; path = libPayPalMobile.a; sourceTree = "<group>"; };
		01D3A71020F4971C00A2B015 /* PayPalConfiguration.h */ = {isa = PBXFileReference; fileEncoding = 4; lastKnownFileType = sourcecode.c.h; path = PayPalConfiguration.h; sourceTree = "<group>"; };
		01D3A71120F4971C00A2B015 /* PayPalFuturePaymentViewController.h */ = {isa = PBXFileReference; fileEncoding = 4; lastKnownFileType = sourcecode.c.h; path = PayPalFuturePaymentViewController.h; sourceTree = "<group>"; };
		01D3A71220F4971C00A2B015 /* PayPalMobile.h */ = {isa = PBXFileReference; fileEncoding = 4; lastKnownFileType = sourcecode.c.h; path = PayPalMobile.h; sourceTree = "<group>"; };
		01D3A71320F4971C00A2B015 /* PayPalOAuthScopes.h */ = {isa = PBXFileReference; fileEncoding = 4; lastKnownFileType = sourcecode.c.h; path = PayPalOAuthScopes.h; sourceTree = "<group>"; };
		01D3A71420F4971C00A2B015 /* PayPalPayment.h */ = {isa = PBXFileReference; fileEncoding = 4; lastKnownFileType = sourcecode.c.h; path = PayPalPayment.h; sourceTree = "<group>"; };
		01D3A71520F4971C00A2B015 /* PayPalPaymentViewController.h */ = {isa = PBXFileReference; fileEncoding = 4; lastKnownFileType = sourcecode.c.h; path = PayPalPaymentViewController.h; sourceTree = "<group>"; };
		01D3A71620F4971C00A2B015 /* PayPalProfileSharingViewController.h */ = {isa = PBXFileReference; fileEncoding = 4; lastKnownFileType = sourcecode.c.h; path = PayPalProfileSharingViewController.h; sourceTree = "<group>"; };
		01E6F9DE20E240180080E414 /* recapcha.html */ = {isa = PBXFileReference; fileEncoding = 4; lastKnownFileType = text.html; path = recapcha.html; sourceTree = "<group>"; };
		01ED08E620E38E57005E93CD /* PassKit.framework */ = {isa = PBXFileReference; lastKnownFileType = wrapper.framework; name = PassKit.framework; path = System/Library/Frameworks/PassKit.framework; sourceTree = SDKROOT; };
		1D0678E32D83A887B8F25F21 /* Pods-CLOrder.release.xcconfig */ = {isa = PBXFileReference; includeInIndex = 1; lastKnownFileType = text.xcconfig; name = "Pods-CLOrder.release.xcconfig"; path = "Pods/Target Support Files/Pods-CLOrder/Pods-CLOrder.release.xcconfig"; sourceTree = "<group>"; };
		541354FF4A505AA3F3802DC3 /* Pods-CLOrder.debug.xcconfig */ = {isa = PBXFileReference; includeInIndex = 1; lastKnownFileType = text.xcconfig; name = "Pods-CLOrder.debug.xcconfig"; path = "Pods/Target Support Files/Pods-CLOrder/Pods-CLOrder.debug.xcconfig"; sourceTree = "<group>"; };
		9F0B152F1D6C36ED003D4BBE /* UIKit.framework */ = {isa = PBXFileReference; lastKnownFileType = wrapper.framework; name = UIKit.framework; path = System/Library/Frameworks/UIKit.framework; sourceTree = SDKROOT; };
		9F20C4A31D07EE7500775381 /* Loader.h */ = {isa = PBXFileReference; fileEncoding = 4; lastKnownFileType = sourcecode.c.h; path = Loader.h; sourceTree = "<group>"; };
		9F20C4A41D07EE7500775381 /* Loader.m */ = {isa = PBXFileReference; fileEncoding = 4; lastKnownFileType = sourcecode.c.objc; path = Loader.m; sourceTree = "<group>"; };
		9F2264E61D1914E200C57BF4 /* LoginVC.h */ = {isa = PBXFileReference; fileEncoding = 4; lastKnownFileType = sourcecode.c.h; path = LoginVC.h; sourceTree = "<group>"; };
		9F2264E71D1914E200C57BF4 /* LoginVC.m */ = {isa = PBXFileReference; fileEncoding = 4; lastKnownFileType = sourcecode.c.objc; path = LoginVC.m; sourceTree = "<group>"; };
		9F2264E91D1967F100C57BF4 /* AddCardVC.h */ = {isa = PBXFileReference; fileEncoding = 4; lastKnownFileType = sourcecode.c.h; path = AddCardVC.h; sourceTree = "<group>"; };
		9F2264EA1D1967F100C57BF4 /* AddCardVC.m */ = {isa = PBXFileReference; fileEncoding = 4; lastKnownFileType = sourcecode.c.objc; path = AddCardVC.m; sourceTree = "<group>"; };
		9F22957C1CFD5B6C0037A1E5 /* AccountUpdateVC.h */ = {isa = PBXFileReference; fileEncoding = 4; lastKnownFileType = sourcecode.c.h; path = AccountUpdateVC.h; sourceTree = "<group>"; };
		9F22957D1CFD5B6C0037A1E5 /* AccountUpdateVC.m */ = {isa = PBXFileReference; fileEncoding = 4; lastKnownFileType = sourcecode.c.objc; path = AccountUpdateVC.m; sourceTree = "<group>"; };
		9F22957F1CFDD3750037A1E5 /* PaymentDetails.h */ = {isa = PBXFileReference; fileEncoding = 4; lastKnownFileType = sourcecode.c.h; path = PaymentDetails.h; sourceTree = "<group>"; };
		9F2295801CFDD3750037A1E5 /* PaymentDetails.m */ = {isa = PBXFileReference; fileEncoding = 4; lastKnownFileType = sourcecode.c.objc; path = PaymentDetails.m; sourceTree = "<group>"; };
		9F25D6F11D093DC100DDE135 /* Reachability.h */ = {isa = PBXFileReference; fileEncoding = 4; lastKnownFileType = sourcecode.c.h; path = Reachability.h; sourceTree = "<group>"; };
		9F25D6F31D093DC100DDE135 /* Reachability.m */ = {isa = PBXFileReference; fileEncoding = 4; lastKnownFileType = sourcecode.c.objc; path = Reachability.m; sourceTree = "<group>"; };
		9F25D6F91D098B5000DDE135 /* MapKit.framework */ = {isa = PBXFileReference; lastKnownFileType = wrapper.framework; name = MapKit.framework; path = System/Library/Frameworks/MapKit.framework; sourceTree = SDKROOT; };
		9F36CE8A1D1267CC003B4874 /* APIRequest.h */ = {isa = PBXFileReference; fileEncoding = 4; lastKnownFileType = sourcecode.c.h; path = APIRequest.h; sourceTree = "<group>"; };
		9F36CE8B1D1267CC003B4874 /* APIRequest.m */ = {isa = PBXFileReference; fileEncoding = 4; lastKnownFileType = sourcecode.c.objc; path = APIRequest.m; sourceTree = "<group>"; };
		9F36CE8D1D126825003B4874 /* APIRequester.h */ = {isa = PBXFileReference; fileEncoding = 4; lastKnownFileType = sourcecode.c.h; path = APIRequester.h; sourceTree = "<group>"; };
		9F36CE8E1D126825003B4874 /* APIRequester.m */ = {isa = PBXFileReference; fileEncoding = 4; lastKnownFileType = sourcecode.c.objc; path = APIRequester.m; sourceTree = "<group>"; };
		9F3C78731D06A58C004205D8 /* OrderConfirmationV.h */ = {isa = PBXFileReference; fileEncoding = 4; lastKnownFileType = sourcecode.c.h; path = OrderConfirmationV.h; sourceTree = "<group>"; };
		9F3C78741D06A58C004205D8 /* OrderConfirmationV.m */ = {isa = PBXFileReference; fileEncoding = 4; lastKnownFileType = sourcecode.c.objc; path = OrderConfirmationV.m; sourceTree = "<group>"; };
		9F3FDBE01DC09F1A003F5AA5 /* CardIO.h */ = {isa = PBXFileReference; fileEncoding = 4; lastKnownFileType = sourcecode.c.h; path = CardIO.h; sourceTree = "<group>"; };
		9F3FDBE11DC09F1A003F5AA5 /* CardIO.m */ = {isa = PBXFileReference; fileEncoding = 4; lastKnownFileType = sourcecode.c.objc; path = CardIO.m; sourceTree = "<group>"; };
		9F3FDBE21DC09F1A003F5AA5 /* CardIOCreditCardInfo.h */ = {isa = PBXFileReference; fileEncoding = 4; lastKnownFileType = sourcecode.c.h; path = CardIOCreditCardInfo.h; sourceTree = "<group>"; };
		9F3FDBE31DC09F1A003F5AA5 /* CardIODetectionMode.h */ = {isa = PBXFileReference; fileEncoding = 4; lastKnownFileType = sourcecode.c.h; path = CardIODetectionMode.h; sourceTree = "<group>"; };
		9F3FDBE41DC09F1A003F5AA5 /* CardIOPaymentViewController.h */ = {isa = PBXFileReference; fileEncoding = 4; lastKnownFileType = sourcecode.c.h; path = CardIOPaymentViewController.h; sourceTree = "<group>"; };
		9F3FDBE51DC09F1A003F5AA5 /* CardIOPaymentViewControllerDelegate.h */ = {isa = PBXFileReference; fileEncoding = 4; lastKnownFileType = sourcecode.c.h; path = CardIOPaymentViewControllerDelegate.h; sourceTree = "<group>"; };
		9F3FDBE61DC09F1A003F5AA5 /* CardIOUtilities.h */ = {isa = PBXFileReference; fileEncoding = 4; lastKnownFileType = sourcecode.c.h; path = CardIOUtilities.h; sourceTree = "<group>"; };
		9F3FDBE71DC09F1A003F5AA5 /* CardIOView.h */ = {isa = PBXFileReference; fileEncoding = 4; lastKnownFileType = sourcecode.c.h; path = CardIOView.h; sourceTree = "<group>"; };
		9F3FDBE81DC09F1A003F5AA5 /* CardIOViewDelegate.h */ = {isa = PBXFileReference; fileEncoding = 4; lastKnownFileType = sourcecode.c.h; path = CardIOViewDelegate.h; sourceTree = "<group>"; };
		9F3FDBE91DC09F1A003F5AA5 /* libCardIO.a */ = {isa = PBXFileReference; lastKnownFileType = archive.ar; path = libCardIO.a; sourceTree = "<group>"; };
		9F3FDBEA1DC09F1A003F5AA5 /* libopencv_core.a */ = {isa = PBXFileReference; lastKnownFileType = archive.ar; path = libopencv_core.a; sourceTree = "<group>"; };
		9F3FDBEB1DC09F1A003F5AA5 /* libopencv_imgproc.a */ = {isa = PBXFileReference; lastKnownFileType = archive.ar; path = libopencv_imgproc.a; sourceTree = "<group>"; };
		9F3FDBF01DC0A000003F5AA5 /* Accelerate.framework */ = {isa = PBXFileReference; lastKnownFileType = wrapper.framework; name = Accelerate.framework; path = System/Library/Frameworks/Accelerate.framework; sourceTree = SDKROOT; };
		9F3FDBF21DC0A00E003F5AA5 /* AudioToolbox.framework */ = {isa = PBXFileReference; lastKnownFileType = wrapper.framework; name = AudioToolbox.framework; path = System/Library/Frameworks/AudioToolbox.framework; sourceTree = SDKROOT; };
		9F3FDBF41DC0A018003F5AA5 /* AVFoundation.framework */ = {isa = PBXFileReference; lastKnownFileType = wrapper.framework; name = AVFoundation.framework; path = System/Library/Frameworks/AVFoundation.framework; sourceTree = SDKROOT; };
		9F3FDBF61DC0A030003F5AA5 /* CoreMedia.framework */ = {isa = PBXFileReference; lastKnownFileType = wrapper.framework; name = CoreMedia.framework; path = System/Library/Frameworks/CoreMedia.framework; sourceTree = SDKROOT; };
		9F3FDBF81DC0A045003F5AA5 /* MessageUI.framework */ = {isa = PBXFileReference; lastKnownFileType = wrapper.framework; name = MessageUI.framework; path = System/Library/Frameworks/MessageUI.framework; sourceTree = SDKROOT; };
		9F3FDBFA1DC0A054003F5AA5 /* MobileCoreServices.framework */ = {isa = PBXFileReference; lastKnownFileType = wrapper.framework; name = MobileCoreServices.framework; path = System/Library/Frameworks/MobileCoreServices.framework; sourceTree = SDKROOT; };
		9F3FDBFC1DC0A070003F5AA5 /* SafariServices.framework */ = {isa = PBXFileReference; lastKnownFileType = wrapper.framework; name = SafariServices.framework; path = System/Library/Frameworks/SafariServices.framework; sourceTree = SDKROOT; };
		9F495DD71D54735300793492 /* load-1 (dragged).tiff */ = {isa = PBXFileReference; lastKnownFileType = image.tiff; path = "load-1 (dragged).tiff"; sourceTree = "<group>"; };
		9F495DD81D54735300793492 /* load-2 (dragged).tiff */ = {isa = PBXFileReference; lastKnownFileType = image.tiff; path = "load-2 (dragged).tiff"; sourceTree = "<group>"; };
		9F495DD91D54735300793492 /* load-3 (dragged).tiff */ = {isa = PBXFileReference; lastKnownFileType = image.tiff; path = "load-3 (dragged).tiff"; sourceTree = "<group>"; };
		9F495DDA1D54735300793492 /* load-4 (dragged).tiff */ = {isa = PBXFileReference; lastKnownFileType = image.tiff; path = "load-4 (dragged).tiff"; sourceTree = "<group>"; };
		9F495DDB1D54735300793492 /* load-5 (dragged).tiff */ = {isa = PBXFileReference; lastKnownFileType = image.tiff; path = "load-5 (dragged).tiff"; sourceTree = "<group>"; };
		9F495DDC1D54735300793492 /* load-6 (dragged).tiff */ = {isa = PBXFileReference; lastKnownFileType = image.tiff; path = "load-6 (dragged).tiff"; sourceTree = "<group>"; };
		9F495DDD1D54735300793492 /* load-7 (dragged).tiff */ = {isa = PBXFileReference; lastKnownFileType = image.tiff; path = "load-7 (dragged).tiff"; sourceTree = "<group>"; };
		9F495DDE1D54735300793492 /* load-8 (dragged).tiff */ = {isa = PBXFileReference; lastKnownFileType = image.tiff; path = "load-8 (dragged).tiff"; sourceTree = "<group>"; };
		9F495DDF1D54735300793492 /* load-9 (dragged).tiff */ = {isa = PBXFileReference; lastKnownFileType = image.tiff; path = "load-9 (dragged).tiff"; sourceTree = "<group>"; };
		9F495DE01D54735300793492 /* load-10 (dragged).tiff */ = {isa = PBXFileReference; lastKnownFileType = image.tiff; path = "load-10 (dragged).tiff"; sourceTree = "<group>"; };
		9F495DE11D54735300793492 /* load-11 (dragged).tiff */ = {isa = PBXFileReference; lastKnownFileType = image.tiff; path = "load-11 (dragged).tiff"; sourceTree = "<group>"; };
		9F495DE21D54735300793492 /* load-12 (dragged).tiff */ = {isa = PBXFileReference; lastKnownFileType = image.tiff; path = "load-12 (dragged).tiff"; sourceTree = "<group>"; };
		9F495DE31D54735300793492 /* load-13 (dragged).tiff */ = {isa = PBXFileReference; lastKnownFileType = image.tiff; path = "load-13 (dragged).tiff"; sourceTree = "<group>"; };
		9F495DE41D54735300793492 /* load-14 (dragged).tiff */ = {isa = PBXFileReference; lastKnownFileType = image.tiff; path = "load-14 (dragged).tiff"; sourceTree = "<group>"; };
		9F495DE51D54735300793492 /* load-15 (dragged).tiff */ = {isa = PBXFileReference; lastKnownFileType = image.tiff; path = "load-15 (dragged).tiff"; sourceTree = "<group>"; };
		9F495DE61D54735300793492 /* load-16 (dragged).tiff */ = {isa = PBXFileReference; lastKnownFileType = image.tiff; path = "load-16 (dragged).tiff"; sourceTree = "<group>"; };
		9F495DE71D54735300793492 /* load-17 (dragged).tiff */ = {isa = PBXFileReference; lastKnownFileType = image.tiff; path = "load-17 (dragged).tiff"; sourceTree = "<group>"; };
		9F495DE81D54735300793492 /* load-18 (dragged).tiff */ = {isa = PBXFileReference; lastKnownFileType = image.tiff; path = "load-18 (dragged).tiff"; sourceTree = "<group>"; };
		9F495DE91D54735300793492 /* load-19 (dragged).tiff */ = {isa = PBXFileReference; lastKnownFileType = image.tiff; path = "load-19 (dragged).tiff"; sourceTree = "<group>"; };
		9F495DEA1D54735300793492 /* load-20 (dragged).tiff */ = {isa = PBXFileReference; lastKnownFileType = image.tiff; path = "load-20 (dragged).tiff"; sourceTree = "<group>"; };
		9F495DEB1D54735300793492 /* load-21 (dragged).tiff */ = {isa = PBXFileReference; lastKnownFileType = image.tiff; path = "load-21 (dragged).tiff"; sourceTree = "<group>"; };
		9F495DEC1D54735300793492 /* load-22 (dragged).tiff */ = {isa = PBXFileReference; lastKnownFileType = image.tiff; path = "load-22 (dragged).tiff"; sourceTree = "<group>"; };
		9F495DED1D54735300793492 /* load-23 (dragged).tiff */ = {isa = PBXFileReference; lastKnownFileType = image.tiff; path = "load-23 (dragged).tiff"; sourceTree = "<group>"; };
		9F495DEE1D54735300793492 /* load-24 (dragged).tiff */ = {isa = PBXFileReference; lastKnownFileType = image.tiff; path = "load-24 (dragged).tiff"; sourceTree = "<group>"; };
		9F495DEF1D54735300793492 /* load-25 (dragged).tiff */ = {isa = PBXFileReference; lastKnownFileType = image.tiff; path = "load-25 (dragged).tiff"; sourceTree = "<group>"; };
		9F495DF01D54735300793492 /* load-26 (dragged).tiff */ = {isa = PBXFileReference; lastKnownFileType = image.tiff; path = "load-26 (dragged).tiff"; sourceTree = "<group>"; };
		9F495DF11D54735300793492 /* load-27 (dragged).tiff */ = {isa = PBXFileReference; lastKnownFileType = image.tiff; path = "load-27 (dragged).tiff"; sourceTree = "<group>"; };
		9F495DF21D54735300793492 /* load-28 (dragged).tiff */ = {isa = PBXFileReference; lastKnownFileType = image.tiff; path = "load-28 (dragged).tiff"; sourceTree = "<group>"; };
		9F495DF31D54735300793492 /* load-29 (dragged).tiff */ = {isa = PBXFileReference; lastKnownFileType = image.tiff; path = "load-29 (dragged).tiff"; sourceTree = "<group>"; };
		9F495DF41D54735300793492 /* load-30 (dragged).tiff */ = {isa = PBXFileReference; lastKnownFileType = image.tiff; path = "load-30 (dragged).tiff"; sourceTree = "<group>"; };
		9F495E711DA3807200D515B3 /* CoreData.framework */ = {isa = PBXFileReference; lastKnownFileType = wrapper.framework; name = CoreData.framework; path = System/Library/Frameworks/CoreData.framework; sourceTree = SDKROOT; };
		9F495E731DA3807D00D515B3 /* SystemConfiguration.framework */ = {isa = PBXFileReference; lastKnownFileType = wrapper.framework; name = SystemConfiguration.framework; path = System/Library/Frameworks/SystemConfiguration.framework; sourceTree = SDKROOT; };
		9F495E751DA3821D00D515B3 /* AddressBook.framework */ = {isa = PBXFileReference; lastKnownFileType = wrapper.framework; name = AddressBook.framework; path = System/Library/Frameworks/AddressBook.framework; sourceTree = SDKROOT; };
		9F495E771DA3823200D515B3 /* AssetsLibrary.framework */ = {isa = PBXFileReference; lastKnownFileType = wrapper.framework; name = AssetsLibrary.framework; path = System/Library/Frameworks/AssetsLibrary.framework; sourceTree = SDKROOT; };
		9F495E791DA3824A00D515B3 /* Foundation.framework */ = {isa = PBXFileReference; lastKnownFileType = wrapper.framework; name = Foundation.framework; path = System/Library/Frameworks/Foundation.framework; sourceTree = SDKROOT; };
		9F495E7B1DA3826500D515B3 /* Security.framework */ = {isa = PBXFileReference; lastKnownFileType = wrapper.framework; name = Security.framework; path = System/Library/Frameworks/Security.framework; sourceTree = SDKROOT; };
		9F495EAE1DA38EEE00D515B3 /* Bolts.framework */ = {isa = PBXFileReference; lastKnownFileType = wrapper.framework; path = Bolts.framework; sourceTree = "<group>"; };
		9F495EAF1DA38EEE00D515B3 /* FBSDKCoreKit.framework */ = {isa = PBXFileReference; lastKnownFileType = wrapper.framework; path = FBSDKCoreKit.framework; sourceTree = "<group>"; };
		9F495EB01DA38EEE00D515B3 /* FBSDKLoginKit.framework */ = {isa = PBXFileReference; lastKnownFileType = wrapper.framework; path = FBSDKLoginKit.framework; sourceTree = "<group>"; };
		9F495EB11DA38EEE00D515B3 /* FBSDKShareKit.framework */ = {isa = PBXFileReference; lastKnownFileType = wrapper.framework; path = FBSDKShareKit.framework; sourceTree = "<group>"; };
		9F495EB21DA38EEE00D515B3 /* GoogleAppUtilities.framework */ = {isa = PBXFileReference; lastKnownFileType = wrapper.framework; path = GoogleAppUtilities.framework; sourceTree = "<group>"; };
		9F495EB31DA38EEE00D515B3 /* GoogleAuthUtilities.framework */ = {isa = PBXFileReference; lastKnownFileType = wrapper.framework; path = GoogleAuthUtilities.framework; sourceTree = "<group>"; };
		9F495EB41DA38EEE00D515B3 /* GoogleNetworkingUtilities.framework */ = {isa = PBXFileReference; lastKnownFileType = wrapper.framework; path = GoogleNetworkingUtilities.framework; sourceTree = "<group>"; };
		9F495EB51DA38EEE00D515B3 /* GoogleOpenSource.framework */ = {isa = PBXFileReference; lastKnownFileType = wrapper.framework; path = GoogleOpenSource.framework; sourceTree = "<group>"; };
		9F495EB81DA38EEE00D515B3 /* GoogleSignIn.bundle */ = {isa = PBXFileReference; lastKnownFileType = "wrapper.plug-in"; path = GoogleSignIn.bundle; sourceTree = "<group>"; };
		9F495EB91DA38EEE00D515B3 /* GoogleSignIn.framework */ = {isa = PBXFileReference; lastKnownFileType = wrapper.framework; path = GoogleSignIn.framework; sourceTree = "<group>"; };
		9F495EBA1DA38EEE00D515B3 /* GoogleSymbolUtilities.framework */ = {isa = PBXFileReference; lastKnownFileType = wrapper.framework; path = GoogleSymbolUtilities.framework; sourceTree = "<group>"; };
		9F4CB1E51CBCD87700A10531 /* CLOrder.app */ = {isa = PBXFileReference; explicitFileType = wrapper.application; includeInIndex = 0; path = CLOrder.app; sourceTree = BUILT_PRODUCTS_DIR; };
		9F4CB1E91CBCD87800A10531 /* main.m */ = {isa = PBXFileReference; lastKnownFileType = sourcecode.c.objc; path = main.m; sourceTree = "<group>"; };
		9F4CB1EB1CBCD87800A10531 /* AppDelegate.h */ = {isa = PBXFileReference; lastKnownFileType = sourcecode.c.h; path = AppDelegate.h; sourceTree = "<group>"; };
		9F4CB1EC1CBCD87800A10531 /* AppDelegate.m */ = {isa = PBXFileReference; lastKnownFileType = sourcecode.c.objc; path = AppDelegate.m; sourceTree = "<group>"; };
		9F4CB1F21CBCD87800A10531 /* Base */ = {isa = PBXFileReference; lastKnownFileType = file.storyboard; name = Base; path = Base.lproj/Main.storyboard; sourceTree = "<group>"; };
		9F4CB1F71CBCD87800A10531 /* Base */ = {isa = PBXFileReference; lastKnownFileType = file.storyboard; name = Base; path = Base.lproj/LaunchScreen.storyboard; sourceTree = "<group>"; };
		9F4CB1F91CBCD87800A10531 /* Info.plist */ = {isa = PBXFileReference; lastKnownFileType = text.plist.xml; path = Info.plist; sourceTree = "<group>"; };
		9F4CB21B1CBCD9E700A10531 /* AppHeader.h */ = {isa = PBXFileReference; lastKnownFileType = sourcecode.c.h; path = AppHeader.h; sourceTree = "<group>"; };
		9F4CB21C1CBCFE9000A10531 /* AllDayMenuVC.h */ = {isa = PBXFileReference; fileEncoding = 4; lastKnownFileType = sourcecode.c.h; path = AllDayMenuVC.h; sourceTree = "<group>"; };
		9F4CB21D1CBCFE9000A10531 /* AllDayMenuVC.m */ = {isa = PBXFileReference; fileEncoding = 4; lastKnownFileType = sourcecode.c.objc; path = AllDayMenuVC.m; sourceTree = "<group>"; };
		9F4CB21F1CBD1F4800A10531 /* ItemVC.h */ = {isa = PBXFileReference; fileEncoding = 4; lastKnownFileType = sourcecode.c.h; path = ItemVC.h; sourceTree = "<group>"; };
		9F4CB2201CBD1F4800A10531 /* ItemVC.m */ = {isa = PBXFileReference; fileEncoding = 4; lastKnownFileType = sourcecode.c.objc; path = ItemVC.m; sourceTree = "<group>"; };
		9F4CB2221CBD304200A10531 /* AddItem.h */ = {isa = PBXFileReference; fileEncoding = 4; lastKnownFileType = sourcecode.c.h; path = AddItem.h; sourceTree = "<group>"; };
		9F4CB2231CBD304200A10531 /* AddItem.m */ = {isa = PBXFileReference; fileEncoding = 4; lastKnownFileType = sourcecode.c.objc; path = AddItem.m; sourceTree = "<group>"; };
		9F4CB2251CBD306B00A10531 /* ExplorePlaces.h */ = {isa = PBXFileReference; fileEncoding = 4; lastKnownFileType = sourcecode.c.h; path = ExplorePlaces.h; sourceTree = "<group>"; };
		9F4CB2261CBD306B00A10531 /* ExplorePlaces.m */ = {isa = PBXFileReference; fileEncoding = 4; lastKnownFileType = sourcecode.c.objc; path = ExplorePlaces.m; sourceTree = "<group>"; };
		9F4CB2281CBD3E9200A10531 /* CheckOut.h */ = {isa = PBXFileReference; fileEncoding = 4; lastKnownFileType = sourcecode.c.h; path = CheckOut.h; sourceTree = "<group>"; };
		9F4CB2291CBD3E9200A10531 /* CheckOut.m */ = {isa = PBXFileReference; fileEncoding = 4; lastKnownFileType = sourcecode.c.objc; path = CheckOut.m; sourceTree = "<group>"; };
		9F50808E1D2130D90028B9FD /* DeliveryVC.h */ = {isa = PBXFileReference; fileEncoding = 4; lastKnownFileType = sourcecode.c.h; path = DeliveryVC.h; sourceTree = "<group>"; };
		9F50808F1D2130D90028B9FD /* DeliveryVC.m */ = {isa = PBXFileReference; fileEncoding = 4; lastKnownFileType = sourcecode.c.objc; path = DeliveryVC.m; sourceTree = "<group>"; };
		9F54CB7C1D0FD8BC00C28351 /* SignUpView.h */ = {isa = PBXFileReference; fileEncoding = 4; lastKnownFileType = sourcecode.c.h; path = SignUpView.h; sourceTree = "<group>"; };
		9F54CB7D1D0FD8BC00C28351 /* SignUpView.m */ = {isa = PBXFileReference; fileEncoding = 4; lastKnownFileType = sourcecode.c.objc; path = SignUpView.m; sourceTree = "<group>"; };
		9F573A1B1D33B958007BF1F5 /* CartObj.h */ = {isa = PBXFileReference; fileEncoding = 4; lastKnownFileType = sourcecode.c.h; path = CartObj.h; sourceTree = "<group>"; };
		9F573A1C1D33B958007BF1F5 /* CartObj.m */ = {isa = PBXFileReference; fileEncoding = 4; lastKnownFileType = sourcecode.c.objc; path = CartObj.m; sourceTree = "<group>"; };
		9F74D3FC1D63434700CA4517 /* OrderHistoryVC.h */ = {isa = PBXFileReference; fileEncoding = 4; lastKnownFileType = sourcecode.c.h; path = OrderHistoryVC.h; sourceTree = "<group>"; };
		9F74D3FD1D63434700CA4517 /* OrderHistoryVC.m */ = {isa = PBXFileReference; fileEncoding = 4; lastKnownFileType = sourcecode.c.objc; path = OrderHistoryVC.m; sourceTree = "<group>"; };
		9F9CDE211DED6FD200FA63A8 /* ScheduleView.h */ = {isa = PBXFileReference; fileEncoding = 4; lastKnownFileType = sourcecode.c.h; path = ScheduleView.h; sourceTree = "<group>"; };
		9F9CDE221DED6FD200FA63A8 /* ScheduleView.m */ = {isa = PBXFileReference; fileEncoding = 4; lastKnownFileType = sourcecode.c.objc; path = ScheduleView.m; sourceTree = "<group>"; };
		9FA69E991CFC506100EE9912 /* SelectedRestroVC.h */ = {isa = PBXFileReference; fileEncoding = 4; lastKnownFileType = sourcecode.c.h; path = SelectedRestroVC.h; sourceTree = "<group>"; };
		9FA69E9A1CFC506100EE9912 /* SelectedRestroVC.m */ = {isa = PBXFileReference; fileEncoding = 4; lastKnownFileType = sourcecode.c.objc; path = SelectedRestroVC.m; sourceTree = "<group>"; };
		9FA69E9C1CFC71A100EE9912 /* PayDetailStp1.h */ = {isa = PBXFileReference; fileEncoding = 4; lastKnownFileType = sourcecode.c.h; path = PayDetailStp1.h; sourceTree = "<group>"; };
		9FA69E9D1CFC71A100EE9912 /* PayDetailStp1.m */ = {isa = PBXFileReference; fileEncoding = 4; lastKnownFileType = sourcecode.c.objc; path = PayDetailStp1.m; sourceTree = "<group>"; };
		9FCE88A11D9A89610017F7EC /* Luhn.h */ = {isa = PBXFileReference; fileEncoding = 4; lastKnownFileType = sourcecode.c.h; path = Luhn.h; sourceTree = "<group>"; };
		9FCE88A21D9A89610017F7EC /* Luhn.m */ = {isa = PBXFileReference; fileEncoding = 4; lastKnownFileType = sourcecode.c.objc; path = Luhn.m; sourceTree = "<group>"; };
		9FD4CBDA1E1237D5009E5251 /* Schedular.h */ = {isa = PBXFileReference; fileEncoding = 4; lastKnownFileType = sourcecode.c.h; path = Schedular.h; sourceTree = "<group>"; };
		9FD4CBDB1E1237D5009E5251 /* Schedular.m */ = {isa = PBXFileReference; fileEncoding = 4; lastKnownFileType = sourcecode.c.objc; path = Schedular.m; sourceTree = "<group>"; };
		9FDC30D61D743F15007E2E0F /* HistoryOrderDtlV.h */ = {isa = PBXFileReference; fileEncoding = 4; lastKnownFileType = sourcecode.c.h; path = HistoryOrderDtlV.h; sourceTree = "<group>"; };
		9FDC30D71D743F15007E2E0F /* HistoryOrderDtlV.m */ = {isa = PBXFileReference; fileEncoding = 4; lastKnownFileType = sourcecode.c.objc; path = HistoryOrderDtlV.m; sourceTree = "<group>"; };
		9FF7E6901D2E4807003CC992 /* ViewCouponVC.h */ = {isa = PBXFileReference; fileEncoding = 4; lastKnownFileType = sourcecode.c.h; path = ViewCouponVC.h; sourceTree = "<group>"; };
		9FF7E6911D2E4807003CC992 /* ViewCouponVC.m */ = {isa = PBXFileReference; fileEncoding = 4; lastKnownFileType = sourcecode.c.objc; path = ViewCouponVC.m; sourceTree = "<group>"; };
		9FF8F02A1DF2AAF4002E6A0B /* Assets.xcassets */ = {isa = PBXFileReference; lastKnownFileType = folder.assetcatalog; path = Assets.xcassets; sourceTree = "<group>"; };
		9FFBD2371D055EA1000F961A /* LocationContact.h */ = {isa = PBXFileReference; fileEncoding = 4; lastKnownFileType = sourcecode.c.h; path = LocationContact.h; sourceTree = "<group>"; };
		9FFBD2381D055EA1000F961A /* LocationContact.m */ = {isa = PBXFileReference; fileEncoding = 4; lastKnownFileType = sourcecode.c.objc; path = LocationContact.m; sourceTree = "<group>"; };
		9FFBD23A1D055FFC000F961A /* CoreLocation.framework */ = {isa = PBXFileReference; lastKnownFileType = wrapper.framework; name = CoreLocation.framework; path = System/Library/Frameworks/CoreLocation.framework; sourceTree = SDKROOT; };
		9FFC63B51DDD8CC10061FD6B /* GoogleService-Info.plist */ = {isa = PBXFileReference; fileEncoding = 4; lastKnownFileType = text.plist.xml; path = "GoogleService-Info.plist"; sourceTree = "<group>"; };
		F57265C839B3CCBAED3E5E65 /* libPods-CLOrder.a */ = {isa = PBXFileReference; explicitFileType = archive.ar; includeInIndex = 0; path = "libPods-CLOrder.a"; sourceTree = BUILT_PRODUCTS_DIR; };
/* End PBXFileReference section */

/* Begin PBXFrameworksBuildPhase section */
		9F4CB1E21CBCD87700A10531 /* Frameworks */ = {
			isa = PBXFrameworksBuildPhase;
			buildActionMask = 2147483647;
			files = (
				016469EF20F49922001109C3 /* libBraintree.a in Frameworks */,
				9FFBD23B1D055FFC000F961A /* CoreLocation.framework in Frameworks */,
				01ED08E720E38E57005E93CD /* PassKit.framework in Frameworks */,
				9F3FDBFD1DC0A070003F5AA5 /* SafariServices.framework in Frameworks */,
				9F3FDBFB1DC0A054003F5AA5 /* MobileCoreServices.framework in Frameworks */,
				9F3FDBF91DC0A045003F5AA5 /* MessageUI.framework in Frameworks */,
				9F3FDBF71DC0A030003F5AA5 /* CoreMedia.framework in Frameworks */,
				9F3FDBF51DC0A018003F5AA5 /* AVFoundation.framework in Frameworks */,
				9F3FDBF31DC0A00E003F5AA5 /* AudioToolbox.framework in Frameworks */,
				9F3FDBF11DC0A000003F5AA5 /* Accelerate.framework in Frameworks */,
				9F495EC21DA38EEE00D515B3 /* GoogleNetworkingUtilities.framework in Frameworks */,
				9F495E7C1DA3826500D515B3 /* Security.framework in Frameworks */,
				9F495EC81DA38EEE00D515B3 /* GoogleSymbolUtilities.framework in Frameworks */,
				9F495E7A1DA3824A00D515B3 /* Foundation.framework in Frameworks */,
				9F3FDBED1DC09F1A003F5AA5 /* libCardIO.a in Frameworks */,
				9F495EBE1DA38EEE00D515B3 /* FBSDKLoginKit.framework in Frameworks */,
				9F495E781DA3823200D515B3 /* AssetsLibrary.framework in Frameworks */,
				9F495EC11DA38EEE00D515B3 /* GoogleAuthUtilities.framework in Frameworks */,
				9F495EC01DA38EEE00D515B3 /* GoogleAppUtilities.framework in Frameworks */,
				9F495EBF1DA38EEE00D515B3 /* FBSDKShareKit.framework in Frameworks */,
				9F495EBD1DA38EEE00D515B3 /* FBSDKCoreKit.framework in Frameworks */,
				9F495E761DA3821D00D515B3 /* AddressBook.framework in Frameworks */,
				01D3A71720F4971C00A2B015 /* libPayPalMobile.a in Frameworks */,
				9F495E741DA3807D00D515B3 /* SystemConfiguration.framework in Frameworks */,
				9F495EBC1DA38EEE00D515B3 /* Bolts.framework in Frameworks */,
				9F495E721DA3807200D515B3 /* CoreData.framework in Frameworks */,
				9F495EC31DA38EEE00D515B3 /* GoogleOpenSource.framework in Frameworks */,
				9F495EC71DA38EEE00D515B3 /* GoogleSignIn.framework in Frameworks */,
				9F3FDBEE1DC09F1A003F5AA5 /* libopencv_core.a in Frameworks */,
				9F3FDBEF1DC09F1A003F5AA5 /* libopencv_imgproc.a in Frameworks */,
				9F0B15391D6C36ED003D4BBE /* UIKit.framework in Frameworks */,
				9F25D6FA1D098B5000DDE135 /* MapKit.framework in Frameworks */,
				953FC6BA7A2F207F22C7EA27 /* libPods-CLOrder.a in Frameworks */,
			);
			runOnlyForDeploymentPostprocessing = 0;
		};
/* End PBXFrameworksBuildPhase section */

/* Begin PBXGroup section */
		0100639F20F5027A009FEE6C /* MapView */ = {
			isa = PBXGroup;
			children = (
				0100639620F4ED94009FEE6C /* MapViewVC.h */,
				0100639720F4ED94009FEE6C /* MapViewVC.m */,
			);
			name = MapView;
			sourceTree = "<group>";
		};
		01178D6C20F7600400F76269 /* OtherFiles */ = {
			isa = PBXGroup;
			children = (
				0139493220DA285B00D0A32A /* Resources */,
				9FFBD2371D055EA1000F961A /* LocationContact.h */,
				9FFBD2381D055EA1000F961A /* LocationContact.m */,
				0175E7EC20DBBD7C0081A306 /* address.json */,
				01E6F9DE20E240180080E414 /* recapcha.html */,
			);
			name = OtherFiles;
			sourceTree = "<group>";
		};
		0139493220DA285B00D0A32A /* Resources */ = {
			isa = PBXGroup;
			children = (
				0139493320DA287D00D0A32A /* Lora-Bold.ttf */,
				0139493420DA287D00D0A32A /* Lora-Regular.ttf */,
			);
			name = Resources;
			sourceTree = "<group>";
		};
		013C0C6020D275F8004CB653 /* Textfield */ = {
			isa = PBXGroup;
			children = (
				013C0C6120D2764B004CB653 /* TextFieldEdit.h */,
				013C0C6220D2764B004CB653 /* TextFieldEdit.m */,
			);
			name = Textfield;
			sourceTree = "<group>";
		};
		0156B81120ECA68800D79DE1 /* MainGroup */ = {
			isa = PBXGroup;
			children = (
				9F50808E1D2130D90028B9FD /* DeliveryVC.h */,
				9F50808F1D2130D90028B9FD /* DeliveryVC.m */,
				0175E7F020DBE1370081A306 /* GoogleSearchView.h */,
				0175E7F120DBE1370081A306 /* GoogleSearchView.m */,
				9F4CB21B1CBCD9E700A10531 /* AppHeader.h */,
				9F4CB1EB1CBCD87800A10531 /* AppDelegate.h */,
				9F4CB1EC1CBCD87800A10531 /* AppDelegate.m */,
				9FA69E991CFC506100EE9912 /* SelectedRestroVC.h */,
				9FA69E9A1CFC506100EE9912 /* SelectedRestroVC.m */,
				0115E34920EBAE5500A86D87 /* MultiLocationVC.h */,
				0115E34A20EBAE5500A86D87 /* MultiLocationVC.m */,
				0115E34C20EBC4CF00A86D87 /* DesideViewController.h */,
				0115E34D20EBC4CF00A86D87 /* DesideViewController.m */,
				0156B81220ECA7ED00D79DE1 /* LocationsList.h */,
				0156B81320ECA7ED00D79DE1 /* LocationsList.m */,
			);
			name = MainGroup;
			sourceTree = "<group>";
		};
		015F679D20D8E4C9001D9F7F /* Models */ = {
			isa = PBXGroup;
			children = (
				015F679E20D8E4FC001D9F7F /* Menu.h */,
				015F679F20D8E4FC001D9F7F /* Menu.m */,
				015F67A220D906FD001D9F7F /* Item.h */,
				015F67A320D906FD001D9F7F /* Item.m */,
				011B777E20DBFFD400C3C65E /* DeliveryAddress.h */,
				011B777F20DBFFD400C3C65E /* DeliveryAddress.m */,
				01BA29B920EFA502005C6D9E /* ListOfRestuarents.h */,
				01BA29BA20EFA502005C6D9E /* ListOfRestuarents.m */,
			);
			name = Models;
			sourceTree = "<group>";
		};
		01BA29AF20EF3F52005C6D9E /* OrderOnline */ = {
			isa = PBXGroup;
			children = (
				0100639F20F5027A009FEE6C /* MapView */,
				01BA29B020EF3F83005C6D9E /* OrderOnlineMainVC.h */,
				01BA29B120EF3F83005C6D9E /* OrderOnlineMainVC.m */,
				01BA29B320EF89D5005C6D9E /* RestuarentListVC.h */,
				01BA29B420EF89D5005C6D9E /* RestuarentListVC.m */,
				01BA29B620EFA3D5005C6D9E /* CardcellForRes.h */,
				01BA29B720EFA3D5005C6D9E /* CardcellForRes.m */,
			);
			name = OrderOnline;
			sourceTree = "<group>";
		};
		01D3A70E20F4971C00A2B015 /* PayPalMobile */ = {
			isa = PBXGroup;
			children = (
				01D3A70F20F4971C00A2B015 /* libPayPalMobile.a */,
				01D3A71020F4971C00A2B015 /* PayPalConfiguration.h */,
				01D3A71120F4971C00A2B015 /* PayPalFuturePaymentViewController.h */,
				01D3A71220F4971C00A2B015 /* PayPalMobile.h */,
				01D3A71320F4971C00A2B015 /* PayPalOAuthScopes.h */,
				01D3A71420F4971C00A2B015 /* PayPalPayment.h */,
				01D3A71520F4971C00A2B015 /* PayPalPaymentViewController.h */,
				01D3A71620F4971C00A2B015 /* PayPalProfileSharingViewController.h */,
			);
			name = PayPalMobile;
			path = CardIO/PayPalMobile;
			sourceTree = "<group>";
		};
		2C5732B81F1C9AD100FA660C /* Account */ = {
			isa = PBXGroup;
			children = (
				9F2264E61D1914E200C57BF4 /* LoginVC.h */,
				9F2264E71D1914E200C57BF4 /* LoginVC.m */,
				9F54CB7C1D0FD8BC00C28351 /* SignUpView.h */,
				9F54CB7D1D0FD8BC00C28351 /* SignUpView.m */,
				9F22957C1CFD5B6C0037A1E5 /* AccountUpdateVC.h */,
				9F22957D1CFD5B6C0037A1E5 /* AccountUpdateVC.m */,
				9F2264E91D1967F100C57BF4 /* AddCardVC.h */,
				9F2264EA1D1967F100C57BF4 /* AddCardVC.m */,
				012459DF20E0CE1B00645535 /* ForgotPassword.h */,
				012459E020E0CE1B00645535 /* ForgotPassword.m */,
				012459E220E0CE3100645535 /* EditProfile.h */,
				012459E320E0CE3100645535 /* EditProfile.m */,
				012459E520E0CE4D00645535 /* ChangePassword.h */,
				012459E620E0CE4D00645535 /* ChangePassword.m */,
			);
			name = Account;
			sourceTree = "<group>";
		};
		2C5732BA1F1C9B0200FA660C /* Menu */ = {
			isa = PBXGroup;
			children = (
				9F4CB21C1CBCFE9000A10531 /* AllDayMenuVC.h */,
				9F4CB21D1CBCFE9000A10531 /* AllDayMenuVC.m */,
				9F4CB21F1CBD1F4800A10531 /* ItemVC.h */,
				9F4CB2201CBD1F4800A10531 /* ItemVC.m */,
				9F4CB2221CBD304200A10531 /* AddItem.h */,
				9F4CB2231CBD304200A10531 /* AddItem.m */,
				012459E820E0EF6300645535 /* SideMenu.h */,
				012459E920E0EF6300645535 /* SideMenu.m */,
			);
			name = Menu;
			sourceTree = "<group>";
		};
		2C5732BB1F1C9B8400FA660C /* Order */ = {
			isa = PBXGroup;
			children = (
				9F4CB2281CBD3E9200A10531 /* CheckOut.h */,
				9F4CB2291CBD3E9200A10531 /* CheckOut.m */,
				9FF7E6901D2E4807003CC992 /* ViewCouponVC.h */,
				9FF7E6911D2E4807003CC992 /* ViewCouponVC.m */,
				9F4CB2251CBD306B00A10531 /* ExplorePlaces.h */,
				9F4CB2261CBD306B00A10531 /* ExplorePlaces.m */,
				9FA69E9C1CFC71A100EE9912 /* PayDetailStp1.h */,
				9FA69E9D1CFC71A100EE9912 /* PayDetailStp1.m */,
				9F22957F1CFDD3750037A1E5 /* PaymentDetails.h */,
				9F2295801CFDD3750037A1E5 /* PaymentDetails.m */,
				9FD4CBDA1E1237D5009E5251 /* Schedular.h */,
				9FD4CBDB1E1237D5009E5251 /* Schedular.m */,
				9F9CDE211DED6FD200FA63A8 /* ScheduleView.h */,
				9F9CDE221DED6FD200FA63A8 /* ScheduleView.m */,
				9F3C78731D06A58C004205D8 /* OrderConfirmationV.h */,
				9F3C78741D06A58C004205D8 /* OrderConfirmationV.m */,
				9F74D3FC1D63434700CA4517 /* OrderHistoryVC.h */,
				9F74D3FD1D63434700CA4517 /* OrderHistoryVC.m */,
				9FDC30D61D743F15007E2E0F /* HistoryOrderDtlV.h */,
				9FDC30D71D743F15007E2E0F /* HistoryOrderDtlV.m */,
			);
			name = Order;
			sourceTree = "<group>";
		};
		9F0D29661E002D5200C7EA2B /* OrderFoodOnline */ = {
			isa = PBXGroup;
			children = (
				9FF8F02A1DF2AAF4002E6A0B /* Assets.xcassets */,
				9F4CB1F91CBCD87800A10531 /* Info.plist */,
			);
			name = OrderFoodOnline;
			sourceTree = "<group>";
		};
		9F25D6ED1D09332E00DDE135 /* Network */ = {
			isa = PBXGroup;
			children = (
				9F36CE8A1D1267CC003B4874 /* APIRequest.h */,
				9F36CE8B1D1267CC003B4874 /* APIRequest.m */,
				9F36CE8D1D126825003B4874 /* APIRequester.h */,
				9F36CE8E1D126825003B4874 /* APIRequester.m */,
				9F25D6F11D093DC100DDE135 /* Reachability.h */,
				9F25D6F31D093DC100DDE135 /* Reachability.m */,
				9F20C4A31D07EE7500775381 /* Loader.h */,
				9F20C4A41D07EE7500775381 /* Loader.m */,
				9F573A1B1D33B958007BF1F5 /* CartObj.h */,
				9F573A1C1D33B958007BF1F5 /* CartObj.m */,
			);
			name = Network;
			sourceTree = "<group>";
		};
		9F3FDBDF1DC09F1A003F5AA5 /* CardIO */ = {
			isa = PBXGroup;
			children = (
				9F3FDBE01DC09F1A003F5AA5 /* CardIO.h */,
				9F3FDBE11DC09F1A003F5AA5 /* CardIO.m */,
				9F3FDBE21DC09F1A003F5AA5 /* CardIOCreditCardInfo.h */,
				9F3FDBE31DC09F1A003F5AA5 /* CardIODetectionMode.h */,
				9F3FDBE41DC09F1A003F5AA5 /* CardIOPaymentViewController.h */,
				9F3FDBE51DC09F1A003F5AA5 /* CardIOPaymentViewControllerDelegate.h */,
				9F3FDBE61DC09F1A003F5AA5 /* CardIOUtilities.h */,
				9F3FDBE71DC09F1A003F5AA5 /* CardIOView.h */,
				9F3FDBE81DC09F1A003F5AA5 /* CardIOViewDelegate.h */,
				9F3FDBE91DC09F1A003F5AA5 /* libCardIO.a */,
				9F3FDBEA1DC09F1A003F5AA5 /* libopencv_core.a */,
				9F3FDBEB1DC09F1A003F5AA5 /* libopencv_imgproc.a */,
			);
			path = CardIO;
			sourceTree = "<group>";
		};
		9F495E701DA3807100D515B3 /* Frameworks */ = {
			isa = PBXGroup;
			children = (
				016469EE20F49922001109C3 /* libBraintree.a */,
				01D3A70E20F4971C00A2B015 /* PayPalMobile */,
				01ED08E620E38E57005E93CD /* PassKit.framework */,
				9F3FDBFC1DC0A070003F5AA5 /* SafariServices.framework */,
				9F3FDBFA1DC0A054003F5AA5 /* MobileCoreServices.framework */,
				9F3FDBF81DC0A045003F5AA5 /* MessageUI.framework */,
				9F3FDBF61DC0A030003F5AA5 /* CoreMedia.framework */,
				9F3FDBF41DC0A018003F5AA5 /* AVFoundation.framework */,
				9F3FDBF21DC0A00E003F5AA5 /* AudioToolbox.framework */,
				9F3FDBF01DC0A000003F5AA5 /* Accelerate.framework */,
				9F3FDBDF1DC09F1A003F5AA5 /* CardIO */,
				9F495ECB1DA38F4300D515B3 /* Facebook */,
				9F495ECA1DA38EFB00D515B3 /* Google */,
				9F495E7B1DA3826500D515B3 /* Security.framework */,
				9F495E791DA3824A00D515B3 /* Foundation.framework */,
				9F495E771DA3823200D515B3 /* AssetsLibrary.framework */,
				9F495E751DA3821D00D515B3 /* AddressBook.framework */,
				9F25D6F91D098B5000DDE135 /* MapKit.framework */,
				9FFBD23A1D055FFC000F961A /* CoreLocation.framework */,
				9F0B152F1D6C36ED003D4BBE /* UIKit.framework */,
				9F495E731DA3807D00D515B3 /* SystemConfiguration.framework */,
				9F495E711DA3807200D515B3 /* CoreData.framework */,
				F57265C839B3CCBAED3E5E65 /* libPods-CLOrder.a */,
			);
			name = Frameworks;
			sourceTree = "<group>";
		};
		9F495ECA1DA38EFB00D515B3 /* Google */ = {
			isa = PBXGroup;
			children = (
				9F495EB51DA38EEE00D515B3 /* GoogleOpenSource.framework */,
				9F495EB21DA38EEE00D515B3 /* GoogleAppUtilities.framework */,
				9F495EB31DA38EEE00D515B3 /* GoogleAuthUtilities.framework */,
				9F495EB41DA38EEE00D515B3 /* GoogleNetworkingUtilities.framework */,
				9F495EB81DA38EEE00D515B3 /* GoogleSignIn.bundle */,
				9F495EB91DA38EEE00D515B3 /* GoogleSignIn.framework */,
				9F495EBA1DA38EEE00D515B3 /* GoogleSymbolUtilities.framework */,
			);
			name = Google;
			sourceTree = "<group>";
		};
		9F495ECB1DA38F4300D515B3 /* Facebook */ = {
			isa = PBXGroup;
			children = (
				9F495EAE1DA38EEE00D515B3 /* Bolts.framework */,
				9F495EAF1DA38EEE00D515B3 /* FBSDKCoreKit.framework */,
				9F495EB01DA38EEE00D515B3 /* FBSDKLoginKit.framework */,
				9F495EB11DA38EEE00D515B3 /* FBSDKShareKit.framework */,
			);
			name = Facebook;
			sourceTree = "<group>";
		};
		9F4CB1DC1CBCD87700A10531 = {
			isa = PBXGroup;
			children = (
				9F4CB1E71CBCD87800A10531 /* CLOrder */,
				9F4CB1E61CBCD87700A10531 /* Products */,
				9F495E701DA3807100D515B3 /* Frameworks */,
				D42C3FBE584E3465AA36BD12 /* Pods */,
			);
			sourceTree = "<group>";
		};
		9F4CB1E61CBCD87700A10531 /* Products */ = {
			isa = PBXGroup;
			children = (
				9F4CB1E51CBCD87700A10531 /* CLOrder.app */,
			);
			name = Products;
			sourceTree = "<group>";
		};
		9F4CB1E71CBCD87800A10531 /* CLOrder */ = {
			isa = PBXGroup;
			children = (
				01178D6C20F7600400F76269 /* OtherFiles */,
				01BA29AF20EF3F52005C6D9E /* OrderOnline */,
				01C1D59120E220F900E3E4CC /* CLOrder.entitlements */,
				0156B81120ECA68800D79DE1 /* MainGroup */,
				015F679D20D8E4C9001D9F7F /* Models */,
				013C0C6020D275F8004CB653 /* Textfield */,
				2C5732B81F1C9AD100FA660C /* Account */,
				2C5732BA1F1C9B0200FA660C /* Menu */,
				2C5732BB1F1C9B8400FA660C /* Order */,
				9F25D6ED1D09332E00DDE135 /* Network */,
				9F4CB1E81CBCD87800A10531 /* Supporting Files */,
			);
			path = CLOrder;
			sourceTree = "<group>";
		};
		9F4CB1E81CBCD87800A10531 /* Supporting Files */ = {
			isa = PBXGroup;
			children = (
				9F0D29661E002D5200C7EA2B /* OrderFoodOnline */,
				9F5080751D20F63F0028B9FD /* ClorderLoader */,
				9F4CB1F11CBCD87800A10531 /* Main.storyboard */,
				9F4CB1F61CBCD87800A10531 /* LaunchScreen.storyboard */,
				9F4CB1E91CBCD87800A10531 /* main.m */,
				9FCE88A11D9A89610017F7EC /* Luhn.h */,
				9FCE88A21D9A89610017F7EC /* Luhn.m */,
				9FFC63B51DDD8CC10061FD6B /* GoogleService-Info.plist */,
			);
			name = "Supporting Files";
			sourceTree = "<group>";
		};
		9F5080751D20F63F0028B9FD /* ClorderLoader */ = {
			isa = PBXGroup;
			children = (
				9F495DD71D54735300793492 /* load-1 (dragged).tiff */,
				9F495DD81D54735300793492 /* load-2 (dragged).tiff */,
				9F495DD91D54735300793492 /* load-3 (dragged).tiff */,
				9F495DDA1D54735300793492 /* load-4 (dragged).tiff */,
				9F495DDB1D54735300793492 /* load-5 (dragged).tiff */,
				9F495DDC1D54735300793492 /* load-6 (dragged).tiff */,
				9F495DDD1D54735300793492 /* load-7 (dragged).tiff */,
				9F495DDE1D54735300793492 /* load-8 (dragged).tiff */,
				9F495DDF1D54735300793492 /* load-9 (dragged).tiff */,
				9F495DE01D54735300793492 /* load-10 (dragged).tiff */,
				9F495DE11D54735300793492 /* load-11 (dragged).tiff */,
				9F495DE21D54735300793492 /* load-12 (dragged).tiff */,
				9F495DE31D54735300793492 /* load-13 (dragged).tiff */,
				9F495DE41D54735300793492 /* load-14 (dragged).tiff */,
				9F495DE51D54735300793492 /* load-15 (dragged).tiff */,
				9F495DE61D54735300793492 /* load-16 (dragged).tiff */,
				9F495DE71D54735300793492 /* load-17 (dragged).tiff */,
				9F495DE81D54735300793492 /* load-18 (dragged).tiff */,
				9F495DE91D54735300793492 /* load-19 (dragged).tiff */,
				9F495DEA1D54735300793492 /* load-20 (dragged).tiff */,
				9F495DEB1D54735300793492 /* load-21 (dragged).tiff */,
				9F495DEC1D54735300793492 /* load-22 (dragged).tiff */,
				9F495DED1D54735300793492 /* load-23 (dragged).tiff */,
				9F495DEE1D54735300793492 /* load-24 (dragged).tiff */,
				9F495DEF1D54735300793492 /* load-25 (dragged).tiff */,
				9F495DF01D54735300793492 /* load-26 (dragged).tiff */,
				9F495DF11D54735300793492 /* load-27 (dragged).tiff */,
				9F495DF21D54735300793492 /* load-28 (dragged).tiff */,
				9F495DF31D54735300793492 /* load-29 (dragged).tiff */,
				9F495DF41D54735300793492 /* load-30 (dragged).tiff */,
			);
			path = ClorderLoader;
			sourceTree = "<group>";
		};
		D42C3FBE584E3465AA36BD12 /* Pods */ = {
			isa = PBXGroup;
			children = (
				541354FF4A505AA3F3802DC3 /* Pods-CLOrder.debug.xcconfig */,
				1D0678E32D83A887B8F25F21 /* Pods-CLOrder.release.xcconfig */,
			);
			name = Pods;
			sourceTree = "<group>";
		};
/* End PBXGroup section */

/* Begin PBXNativeTarget section */
		9F4CB1E41CBCD87700A10531 /* CLOrder */ = {
			isa = PBXNativeTarget;
			buildConfigurationList = 9F4CB2121CBCD87800A10531 /* Build configuration list for PBXNativeTarget "CLOrder" */;
			buildPhases = (
				55DC7AF9A2A10B87EE0E372E /* [CP] Check Pods Manifest.lock */,
				9F4CB1E11CBCD87700A10531 /* Sources */,
				9F4CB1E21CBCD87700A10531 /* Frameworks */,
				9F4CB1E31CBCD87700A10531 /* Resources */,
			);
			buildRules = (
			);
			dependencies = (
			);
			name = CLOrder;
			productName = CLOrder;
			productReference = 9F4CB1E51CBCD87700A10531 /* CLOrder.app */;
			productType = "com.apple.product-type.application";
		};
/* End PBXNativeTarget section */

/* Begin PBXProject section */
		9F4CB1DD1CBCD87700A10531 /* Project object */ = {
			isa = PBXProject;
			attributes = {
				LastUpgradeCheck = 0810;
				ORGANIZATIONNAME = "Vegunta's";
				TargetAttributes = {
					9F4CB1E41CBCD87700A10531 = {
						CreatedOnToolsVersion = 7.3;
						DevelopmentTeam = 79PM7TJ9YE;
						LastSwiftMigration = 0920;
						ProvisioningStyle = Manual;
						SystemCapabilities = {
							com.apple.ApplePay = {
								enabled = 1;
							};
							com.apple.Maps.iOS = {
								enabled = 0;
							};
							com.apple.Siri = {
								enabled = 0;
							};
						};
					};
				};
			};
			buildConfigurationList = 9F4CB1E01CBCD87700A10531 /* Build configuration list for PBXProject "CLOrder" */;
			compatibilityVersion = "Xcode 3.2";
			developmentRegion = English;
			hasScannedForEncodings = 0;
			knownRegions = (
				en,
				Base,
				ar,
				ca,
				cs,
				da,
				de,
				el,
				en_GB,
				es,
				es_MX,
				fi,
				fr,
				he,
				hr,
				hu,
				id,
				it,
				ja,
				ko,
				ms,
				nb,
				nl,
				pl,
				pt,
				pt_BR,
				pt_PT,
				ro,
				ru,
				sk,
				sv,
				th,
				tr,
				uk,
				vi,
				zh_CN,
				zh_TW,
			);
			mainGroup = 9F4CB1DC1CBCD87700A10531;
			productRefGroup = 9F4CB1E61CBCD87700A10531 /* Products */;
			projectDirPath = "";
			projectRoot = "";
			targets = (
				9F4CB1E41CBCD87700A10531 /* CLOrder */,
			);
		};
/* End PBXProject section */

/* Begin PBXResourcesBuildPhase section */
		9F4CB1E31CBCD87700A10531 /* Resources */ = {
			isa = PBXResourcesBuildPhase;
			buildActionMask = 2147483647;
			files = (
				0175E7EF20DBC4440081A306 /* address.json in Resources */,
				9FFC63B61DDD8CC10061FD6B /* GoogleService-Info.plist in Resources */,
				9F495E051D54735300793492 /* load-17 (dragged).tiff in Resources */,
				9F495E0F1D54735300793492 /* load-27 (dragged).tiff in Resources */,
				9F495DFD1D54735300793492 /* load-9 (dragged).tiff in Resources */,
				9F4CB1F81CBCD87800A10531 /* LaunchScreen.storyboard in Resources */,
				9F495E121D54735300793492 /* load-30 (dragged).tiff in Resources */,
				9F495DFB1D54735300793492 /* load-7 (dragged).tiff in Resources */,
				9F495E011D54735300793492 /* load-13 (dragged).tiff in Resources */,
				9F495E061D54735300793492 /* load-18 (dragged).tiff in Resources */,
				9F495E0D1D54735300793492 /* load-25 (dragged).tiff in Resources */,
				9F495E091D54735300793492 /* load-21 (dragged).tiff in Resources */,
				9F495DFE1D54735300793492 /* load-10 (dragged).tiff in Resources */,
				9F495E0E1D54735300793492 /* load-26 (dragged).tiff in Resources */,
				9F495DF81D54735300793492 /* load-4 (dragged).tiff in Resources */,
				0139493620DA287D00D0A32A /* Lora-Regular.ttf in Resources */,
				9F495EC61DA38EEE00D515B3 /* GoogleSignIn.bundle in Resources */,
				9F495E0B1D54735300793492 /* load-23 (dragged).tiff in Resources */,
				0139493520DA287D00D0A32A /* Lora-Bold.ttf in Resources */,
				9F495E001D54735300793492 /* load-12 (dragged).tiff in Resources */,
				9F495E111D54735300793492 /* load-29 (dragged).tiff in Resources */,
				9FF8F02B1DF2AAF4002E6A0B /* Assets.xcassets in Resources */,
				9F495E101D54735300793492 /* load-28 (dragged).tiff in Resources */,
				9F495E021D54735300793492 /* load-14 (dragged).tiff in Resources */,
				9F495E071D54735300793492 /* load-19 (dragged).tiff in Resources */,
				9F495E0C1D54735300793492 /* load-24 (dragged).tiff in Resources */,
				01E6F9DF20E240180080E414 /* recapcha.html in Resources */,
				9F495DF91D54735300793492 /* load-5 (dragged).tiff in Resources */,
				9F495DFF1D54735300793492 /* load-11 (dragged).tiff in Resources */,
				9F495DF61D54735300793492 /* load-2 (dragged).tiff in Resources */,
				9F495DF51D54735300793492 /* load-1 (dragged).tiff in Resources */,
				9F495E081D54735300793492 /* load-20 (dragged).tiff in Resources */,
				9F495E0A1D54735300793492 /* load-22 (dragged).tiff in Resources */,
				9F4CB1F31CBCD87800A10531 /* Main.storyboard in Resources */,
				9F495DFC1D54735300793492 /* load-8 (dragged).tiff in Resources */,
				9F495E031D54735300793492 /* load-15 (dragged).tiff in Resources */,
				9F495DF71D54735300793492 /* load-3 (dragged).tiff in Resources */,
				9F495DFA1D54735300793492 /* load-6 (dragged).tiff in Resources */,
				9F495E041D54735300793492 /* load-16 (dragged).tiff in Resources */,
			);
			runOnlyForDeploymentPostprocessing = 0;
		};
/* End PBXResourcesBuildPhase section */

/* Begin PBXShellScriptBuildPhase section */
		55DC7AF9A2A10B87EE0E372E /* [CP] Check Pods Manifest.lock */ = {
			isa = PBXShellScriptBuildPhase;
			buildActionMask = 2147483647;
			files = (
			);
			inputPaths = (
				"${PODS_PODFILE_DIR_PATH}/Podfile.lock",
				"${PODS_ROOT}/Manifest.lock",
			);
			name = "[CP] Check Pods Manifest.lock";
			outputPaths = (
				"$(DERIVED_FILE_DIR)/Pods-CLOrder-checkManifestLockResult.txt",
			);
			runOnlyForDeploymentPostprocessing = 0;
			shellPath = /bin/sh;
			shellScript = "diff \"${PODS_PODFILE_DIR_PATH}/Podfile.lock\" \"${PODS_ROOT}/Manifest.lock\" > /dev/null\nif [ $? != 0 ] ; then\n    # print error to STDERR\n    echo \"error: The sandbox is not in sync with the Podfile.lock. Run 'pod install' or update your CocoaPods installation.\" >&2\n    exit 1\nfi\n# This output is used by Xcode 'outputs' to avoid re-running this script phase.\necho \"SUCCESS\" > \"${SCRIPT_OUTPUT_FILE_0}\"\n";
			showEnvVarsInLog = 0;
		};
/* End PBXShellScriptBuildPhase section */

/* Begin PBXSourcesBuildPhase section */
		9F4CB1E11CBCD87700A10531 /* Sources */ = {
			isa = PBXSourcesBuildPhase;
			buildActionMask = 2147483647;
			files = (
				9F22957E1CFD5B6C0037A1E5 /* AccountUpdateVC.m in Sources */,
				0115E34B20EBAE5500A86D87 /* MultiLocationVC.m in Sources */,
				012459EA20E0EF6300645535 /* SideMenu.m in Sources */,
				9FF7E6921D2E4807003CC992 /* ViewCouponVC.m in Sources */,
				9F4CB2241CBD304200A10531 /* AddItem.m in Sources */,
				9F3C78751D06A58C004205D8 /* OrderConfirmationV.m in Sources */,
				0156B81420ECA7ED00D79DE1 /* LocationsList.m in Sources */,
				01BA29BB20EFA502005C6D9E /* ListOfRestuarents.m in Sources */,
				9F54CB7E1D0FD8BC00C28351 /* SignUpView.m in Sources */,
				9FA69E9E1CFC71A100EE9912 /* PayDetailStp1.m in Sources */,
				9F5080901D2130D90028B9FD /* DeliveryVC.m in Sources */,
				01BA29B820EFA3D5005C6D9E /* CardcellForRes.m in Sources */,
				0100639820F4ED94009FEE6C /* MapViewVC.m in Sources */,
				9FCE88A31D9A89610017F7EC /* Luhn.m in Sources */,
				012459E420E0CE3100645535 /* EditProfile.m in Sources */,
				011B778020DBFFD400C3C65E /* DeliveryAddress.m in Sources */,
				9F74D3FE1D63434700CA4517 /* OrderHistoryVC.m in Sources */,
				9F4CB2271CBD306B00A10531 /* ExplorePlaces.m in Sources */,
				9FA69E9B1CFC506100EE9912 /* SelectedRestroVC.m in Sources */,
				9F4CB22A1CBD3E9200A10531 /* CheckOut.m in Sources */,
				9FD4CBDC1E1237D5009E5251 /* Schedular.m in Sources */,
				9F2295811CFDD3750037A1E5 /* PaymentDetails.m in Sources */,
				9F25D6F61D093DC100DDE135 /* Reachability.m in Sources */,
				9F573A1D1D33B958007BF1F5 /* CartObj.m in Sources */,
				9F2264E81D1914E200C57BF4 /* LoginVC.m in Sources */,
				015F67A420D906FD001D9F7F /* Item.m in Sources */,
				9F20C4A51D07EE7500775381 /* Loader.m in Sources */,
				9FFBD2391D055EA1000F961A /* LocationContact.m in Sources */,
				013C0C6320D2764B004CB653 /* TextFieldEdit.m in Sources */,
				9F4CB1ED1CBCD87800A10531 /* AppDelegate.m in Sources */,
				0175E7F220DBE1370081A306 /* GoogleSearchView.m in Sources */,
				015F67A020D8E4FC001D9F7F /* Menu.m in Sources */,
				9F36CE8F1D126825003B4874 /* APIRequester.m in Sources */,
				9F36CE8C1D1267CC003B4874 /* APIRequest.m in Sources */,
				9F9CDE231DED6FD200FA63A8 /* ScheduleView.m in Sources */,
				9FDC30D81D743F15007E2E0F /* HistoryOrderDtlV.m in Sources */,
				9F3FDBEC1DC09F1A003F5AA5 /* CardIO.m in Sources */,
				9F4CB21E1CBCFE9000A10531 /* AllDayMenuVC.m in Sources */,
				9F4CB2211CBD1F4800A10531 /* ItemVC.m in Sources */,
				9F4CB1EA1CBCD87800A10531 /* main.m in Sources */,
				01BA29B520EF89D5005C6D9E /* RestuarentListVC.m in Sources */,
				9F2264EB1D1967F100C57BF4 /* AddCardVC.m in Sources */,
				0115E34E20EBC4CF00A86D87 /* DesideViewController.m in Sources */,
				01BA29B220EF3F83005C6D9E /* OrderOnlineMainVC.m in Sources */,
				012459E720E0CE4D00645535 /* ChangePassword.m in Sources */,
				012459E120E0CE1B00645535 /* ForgotPassword.m in Sources */,
			);
			runOnlyForDeploymentPostprocessing = 0;
		};
/* End PBXSourcesBuildPhase section */

/* Begin PBXVariantGroup section */
		9F4CB1F11CBCD87800A10531 /* Main.storyboard */ = {
			isa = PBXVariantGroup;
			children = (
				9F4CB1F21CBCD87800A10531 /* Base */,
			);
			name = Main.storyboard;
			sourceTree = "<group>";
		};
		9F4CB1F61CBCD87800A10531 /* LaunchScreen.storyboard */ = {
			isa = PBXVariantGroup;
			children = (
				9F4CB1F71CBCD87800A10531 /* Base */,
			);
			name = LaunchScreen.storyboard;
			sourceTree = "<group>";
		};
/* End PBXVariantGroup section */

/* Begin XCBuildConfiguration section */
		9F4CB2101CBCD87800A10531 /* Debug */ = {
			isa = XCBuildConfiguration;
			buildSettings = {
				ALWAYS_SEARCH_USER_PATHS = NO;
				CLANG_ANALYZER_LOCALIZABILITY_NONLOCALIZED = YES;
				CLANG_CXX_LANGUAGE_STANDARD = "gnu++0x";
				CLANG_CXX_LIBRARY = "libc++";
				CLANG_ENABLE_MODULES = YES;
				CLANG_ENABLE_OBJC_ARC = YES;
				CLANG_WARN_BOOL_CONVERSION = YES;
				CLANG_WARN_CONSTANT_CONVERSION = YES;
				CLANG_WARN_DIRECT_OBJC_ISA_USAGE = YES_ERROR;
				CLANG_WARN_EMPTY_BODY = YES;
				CLANG_WARN_ENUM_CONVERSION = YES;
				CLANG_WARN_INFINITE_RECURSION = YES;
				CLANG_WARN_INT_CONVERSION = YES;
				CLANG_WARN_OBJC_ROOT_CLASS = YES_ERROR;
				CLANG_WARN_SUSPICIOUS_MOVE = YES;
				CLANG_WARN_UNREACHABLE_CODE = YES;
				CLANG_WARN__DUPLICATE_METHOD_MATCH = YES;
				"CODE_SIGN_IDENTITY[sdk=iphoneos*]" = "iPhone Developer";
				COPY_PHASE_STRIP = NO;
				DEBUG_INFORMATION_FORMAT = dwarf;
				ENABLE_STRICT_OBJC_MSGSEND = YES;
				ENABLE_TESTABILITY = YES;
				GCC_C_LANGUAGE_STANDARD = gnu99;
				GCC_DYNAMIC_NO_PIC = NO;
				GCC_NO_COMMON_BLOCKS = YES;
				GCC_OPTIMIZATION_LEVEL = 0;
				GCC_PREPROCESSOR_DEFINITIONS = (
					"DEBUG=1",
					"$(inherited)",
				);
				GCC_WARN_64_TO_32_BIT_CONVERSION = YES;
				GCC_WARN_ABOUT_RETURN_TYPE = YES_ERROR;
				GCC_WARN_UNDECLARED_SELECTOR = YES;
				GCC_WARN_UNINITIALIZED_AUTOS = YES_AGGRESSIVE;
				GCC_WARN_UNUSED_FUNCTION = YES;
				GCC_WARN_UNUSED_VARIABLE = YES;
				IPHONEOS_DEPLOYMENT_TARGET = 9.0;
				MTL_ENABLE_DEBUG_INFO = YES;
				ONLY_ACTIVE_ARCH = YES;
				OTHER_LDFLAGS = "-ObjC";
				SDKROOT = iphoneos;
				TARGETED_DEVICE_FAMILY = "1,2";
			};
			name = Debug;
		};
		9F4CB2111CBCD87800A10531 /* Release */ = {
			isa = XCBuildConfiguration;
			buildSettings = {
				ALWAYS_SEARCH_USER_PATHS = NO;
				CLANG_ANALYZER_LOCALIZABILITY_NONLOCALIZED = YES;
				CLANG_CXX_LANGUAGE_STANDARD = "gnu++0x";
				CLANG_CXX_LIBRARY = "libc++";
				CLANG_ENABLE_MODULES = YES;
				CLANG_ENABLE_OBJC_ARC = YES;
				CLANG_WARN_BOOL_CONVERSION = YES;
				CLANG_WARN_CONSTANT_CONVERSION = YES;
				CLANG_WARN_DIRECT_OBJC_ISA_USAGE = YES_ERROR;
				CLANG_WARN_EMPTY_BODY = YES;
				CLANG_WARN_ENUM_CONVERSION = YES;
				CLANG_WARN_INFINITE_RECURSION = YES;
				CLANG_WARN_INT_CONVERSION = YES;
				CLANG_WARN_OBJC_ROOT_CLASS = YES_ERROR;
				CLANG_WARN_SUSPICIOUS_MOVE = YES;
				CLANG_WARN_UNREACHABLE_CODE = YES;
				CLANG_WARN__DUPLICATE_METHOD_MATCH = YES;
				"CODE_SIGN_IDENTITY[sdk=iphoneos*]" = "iPhone Developer";
				COPY_PHASE_STRIP = NO;
				DEBUG_INFORMATION_FORMAT = "dwarf-with-dsym";
				ENABLE_NS_ASSERTIONS = NO;
				ENABLE_STRICT_OBJC_MSGSEND = YES;
				GCC_C_LANGUAGE_STANDARD = gnu99;
				GCC_NO_COMMON_BLOCKS = YES;
				GCC_WARN_64_TO_32_BIT_CONVERSION = YES;
				GCC_WARN_ABOUT_RETURN_TYPE = YES_ERROR;
				GCC_WARN_UNDECLARED_SELECTOR = YES;
				GCC_WARN_UNINITIALIZED_AUTOS = YES_AGGRESSIVE;
				GCC_WARN_UNUSED_FUNCTION = YES;
				GCC_WARN_UNUSED_VARIABLE = YES;
				IPHONEOS_DEPLOYMENT_TARGET = 9.0;
				MTL_ENABLE_DEBUG_INFO = NO;
				OTHER_LDFLAGS = "-ObjC";
				SDKROOT = iphoneos;
				TARGETED_DEVICE_FAMILY = "1,2";
				VALIDATE_PRODUCT = YES;
			};
			name = Release;
		};
		9F4CB2131CBCD87800A10531 /* Debug */ = {
			isa = XCBuildConfiguration;
			baseConfigurationReference = 541354FF4A505AA3F3802DC3 /* Pods-CLOrder.debug.xcconfig */;
			buildSettings = {
				ASSETCATALOG_COMPILER_APPICON_NAME = AppIcon;
				CLANG_ENABLE_MODULES = YES;
				CODE_SIGN_ENTITLEMENTS = CLOrder/CLOrder.entitlements;
				CODE_SIGN_IDENTITY = "iPhone Developer: Satish Varma (7647XDBJ67)";
				"CODE_SIGN_IDENTITY[sdk=iphoneos*]" = "iPhone Developer: Satish Varma (7647XDBJ67)";
				CODE_SIGN_STYLE = Manual;
				DEVELOPMENT_TEAM = 79PM7TJ9YE;
				ENABLE_BITCODE = NO;
				FRAMEWORK_SEARCH_PATHS = "$(PROJECT_DIR)";
				GCC_NO_COMMON_BLOCKS = NO;
				INFOPLIST_FILE = CLOrder/Info.plist;
				IPHONEOS_DEPLOYMENT_TARGET = 9.0;
				LD_RUNPATH_SEARCH_PATHS = "$(inherited) @executable_path/Frameworks";
				LIBRARY_SEARCH_PATHS = (
					"$(inherited)",
					"$(PROJECT_DIR)/CLOrder/PayPalMobile",
					"$(PROJECT_DIR)/CardIO",
					"$(PROJECT_DIR)/PayPalMobile",
					"$(PROJECT_DIR)/CardIO/PayPalMobile",
				);
				OTHER_LDFLAGS = (
					"-ObjC",
					"-lc++",
					"-ObjC",
					"$(inherited)",
				);
				PRODUCT_BUNDLE_IDENTIFIER = com.clorder.orderOnlineTest;
				PRODUCT_NAME = "$(TARGET_NAME)";
				PROVISIONING_PROFILE = "e7513886-f1ce-4858-87ac-13ea18927d5f";
				PROVISIONING_PROFILE_SPECIFIER = OrderFoodOnlineTEST;
				SWIFT_OBJC_BRIDGING_HEADER = "CLOrder-Bridging-Header.h";
				SWIFT_OPTIMIZATION_LEVEL = "-Onone";
				SWIFT_VERSION = 3.0;
				TARGETED_DEVICE_FAMILY = 1;
			};
			name = Debug;
		};
		9F4CB2141CBCD87800A10531 /* Release */ = {
			isa = XCBuildConfiguration;
			baseConfigurationReference = 1D0678E32D83A887B8F25F21 /* Pods-CLOrder.release.xcconfig */;
			buildSettings = {
				ASSETCATALOG_COMPILER_APPICON_NAME = AppIcon;
				CLANG_ENABLE_MODULES = YES;
				CODE_SIGN_ENTITLEMENTS = CLOrder/CLOrder.entitlements;
				CODE_SIGN_IDENTITY = "iPhone Developer: Satish Varma (7647XDBJ67)";
				"CODE_SIGN_IDENTITY[sdk=iphoneos*]" = "iPhone Developer: Satish Varma (7647XDBJ67)";
				CODE_SIGN_STYLE = Manual;
				DEVELOPMENT_TEAM = 79PM7TJ9YE;
				ENABLE_BITCODE = NO;
				FRAMEWORK_SEARCH_PATHS = "$(PROJECT_DIR)";
				GCC_NO_COMMON_BLOCKS = NO;
				INFOPLIST_FILE = CLOrder/Info.plist;
				IPHONEOS_DEPLOYMENT_TARGET = 9.0;
				LD_RUNPATH_SEARCH_PATHS = "$(inherited) @executable_path/Frameworks";
				LIBRARY_SEARCH_PATHS = (
					"$(inherited)",
					"$(PROJECT_DIR)/CLOrder/PayPalMobile",
					"$(PROJECT_DIR)/CardIO",
					"$(PROJECT_DIR)/PayPalMobile",
					"$(PROJECT_DIR)/CardIO/PayPalMobile",
				);
				OTHER_LDFLAGS = (
					"-ObjC",
					"-lc++",
					"-ObjC",
					"$(inherited)",
				);
				PRODUCT_BUNDLE_IDENTIFIER = com.clorder.orderOnlineTest;
				PRODUCT_NAME = "$(TARGET_NAME)";
				PROVISIONING_PROFILE = "e7513886-f1ce-4858-87ac-13ea18927d5f";
				PROVISIONING_PROFILE_SPECIFIER = OrderFoodOnlineTEST;
				SWIFT_OBJC_BRIDGING_HEADER = "CLOrder-Bridging-Header.h";
				SWIFT_VERSION = 3.0;
				TARGETED_DEVICE_FAMILY = 1;
			};
			name = Release;
		};
/* End XCBuildConfiguration section */

/* Begin XCConfigurationList section */
		9F4CB1E01CBCD87700A10531 /* Build configuration list for PBXProject "CLOrder" */ = {
			isa = XCConfigurationList;
			buildConfigurations = (
				9F4CB2101CBCD87800A10531 /* Debug */,
				9F4CB2111CBCD87800A10531 /* Release */,
			);
			defaultConfigurationIsVisible = 0;
			defaultConfigurationName = Release;
		};
		9F4CB2121CBCD87800A10531 /* Build configuration list for PBXNativeTarget "CLOrder" */ = {
			isa = XCConfigurationList;
			buildConfigurations = (
				9F4CB2131CBCD87800A10531 /* Debug */,
				9F4CB2141CBCD87800A10531 /* Release */,
			);
			defaultConfigurationIsVisible = 0;
			defaultConfigurationName = Release;
		};
/* End XCConfigurationList section */
	};
	rootObject = 9F4CB1DD1CBCD87700A10531 /* Project object */;
}
